
Microsoft Visual Studio Solution File, Format Version 12.00
# Visual Studio Version 17
VisualStudioVersion = 17.14.36212.18
MinimumVisualStudioVersion = 10.0.40219.1
Project("{2150E333-8FDC-42A3-9474-1A3956D46DE8}") = "src", "src", "{36D591C7-65C7-A0D1-1CBC-10CDE441BDC8}"
EndProject
Project("{2150E333-8FDC-42A3-9474-1A3956D46DE8}") = "tests", "tests", "{DB86EBF8-E363-4D18-99B9-DA42CCFFAA07}"
EndProject
Project("{2150E333-8FDC-42A3-9474-1A3956D46DE8}") = "CSharpTransactionScript", "CSharpTransactionScript", "{5126AEEA-0E8E-47CB-8084-91C21F2AAF24}"
	ProjectSection(SolutionItems) = preProject
		src\CSharpTransactionScript\README.md = src\CSharpTransactionScript\README.md
	EndProjectSection
EndProject
Project("{2150E333-8FDC-42A3-9474-1A3956D46DE8}") = "CSharpTransactionScript", "CSharpTransactionScript", "{783D8D0C-55E3-4983-A54E-75800691431D}"
EndProject
Project("{2150E333-8FDC-42A3-9474-1A3956D46DE8}") = "Inventory", "Inventory", "{B0621235-2732-4F2D-89AC-E1D2A7A3131E}"
EndProject
Project("{2150E333-8FDC-42A3-9474-1A3956D46DE8}") = "Inventory", "Inventory", "{34C10ABE-74B2-4AFB-93C4-CBF555401557}"
	ProjectSection(SolutionItems) = preProject
		src\CSharpTransactionScript\Inventory\README.md = src\CSharpTransactionScript\Inventory\README.md
	EndProjectSection
EndProject
Project("{2150E333-8FDC-42A3-9474-1A3956D46DE8}") = "Элементы решения", "Элементы решения", "{754FC069-D67B-A9D7-50A1-8D1CA196D8F1}"
	ProjectSection(SolutionItems) = preProject
		README.md = README.md
	EndProjectSection
EndProject
Project("{FAE04EC0-301F-11D3-BF4B-00C04F79EFBC}") = "SampleTSConsoleApp", "src\CSharpTransactionScript\SampleTSConsoleApp\SampleTSConsoleApp.csproj", "{58D9B1F3-0E6E-4C98-99B2-46EA51B3FBBA}"
EndProject
Project("{FAE04EC0-301F-11D3-BF4B-00C04F79EFBC}") = "TransactionScript.Inventory.DataAccessLayer", "src\CSharpTransactionScript\Inventory\TransactionScript.Inventory.DataAccessLayer\TransactionScript.Inventory.DataAccessLayer.csproj", "{A558A739-1DCF-4C82-8C7F-B690DC1AB8EB}"
EndProject
Project("{FAE04EC0-301F-11D3-BF4B-00C04F79EFBC}") = "TransactionScript.Inventory.MainLogicLayer", "src\CSharpTransactionScript\Inventory\TransactionScript.Inventory.MainLogicLayer\TransactionScript.Inventory.MainLogicLayer.csproj", "{ADC89A90-3F81-4303-964D-3CA6D96E29A9}"
EndProject
Project("{FAE04EC0-301F-11D3-BF4B-00C04F79EFBC}") = "TransactionScript.Inventory.PresentationLayer", "src\CSharpTransactionScript\Inventory\TransactionScript.Inventory.PresentationLayer\TransactionScript.Inventory.PresentationLayer.csproj", "{B17560B9-2D4F-4866-BCFA-7D08BD2DF6E4}"
EndProject
Project("{FAE04EC0-301F-11D3-BF4B-00C04F79EFBC}") = "TransactionScript.Inventory.MainLogicLayer.Tests.Unit", "tests\CSharpTransactionScript\Inventory\TransactionScript.Inventory.MainLogicLayer.Tests.Unit\TransactionScript.Inventory.MainLogicLayer.Tests.Unit.csproj", "{FA21F0A8-E2E0-4085-B5A3-04322B599661}"
EndProject
Project("{FAE04EC0-301F-11D3-BF4B-00C04F79EFBC}") = "TransactionScript.Inventory.PresentationLayer.Tests.Story", "tests\CSharpTransactionScript\Inventory\TransactionScript.Inventory.PresentationLayer.Tests.Story\TransactionScript.Inventory.PresentationLayer.Tests.Story.csproj", "{A3A24470-6E47-46FC-8189-4512F3FE5461}"
EndProject
Project("{2150E333-8FDC-42A3-9474-1A3956D46DE8}") = "CSharpActiveRecord", "CSharpActiveRecord", "{996B9B4F-A45B-4F96-A5E3-99D4876D4273}"
	ProjectSection(SolutionItems) = preProject
		src\CSharpActiveRecord\README.md = src\CSharpActiveRecord\README.md
	EndProjectSection
EndProject
Project("{2150E333-8FDC-42A3-9474-1A3956D46DE8}") = "CSharpActiveRecord", "CSharpActiveRecord", "{33092730-0DF7-44F2-9A59-738061FEB1E2}"
EndProject
Project("{2150E333-8FDC-42A3-9474-1A3956D46DE8}") = "Inventory", "Inventory", "{62FFB8F9-175A-4774-A046-951F7CD8032F}"
EndProject
Project("{2150E333-8FDC-42A3-9474-1A3956D46DE8}") = "Inventory", "Inventory", "{7BEEE20B-6268-4FBA-A7B2-1FFF07E5087F}"
	ProjectSection(SolutionItems) = preProject
		src\CSharpActiveRecord\Inventory\README.md = src\CSharpActiveRecord\Inventory\README.md
	EndProjectSection
EndProject
Project("{FAE04EC0-301F-11D3-BF4B-00C04F79EFBC}") = "SampleARConsoleApp", "src\CSharpActiveRecord\SampleARConsoleApp\SampleARConsoleApp.csproj", "{407FAE05-F70A-4721-8755-A678B87B3459}"
EndProject
Project("{FAE04EC0-301F-11D3-BF4B-00C04F79EFBC}") = "ActiveRecord.Inventory.PresentationLayer.Tests.Story", "tests\CSharpActiveRecord\Inventory\ActiveRecord.Inventory.PresentationLayer.Tests.Story\ActiveRecord.Inventory.PresentationLayer.Tests.Story.csproj", "{9CDEB5E7-65E3-495D-BAF3-11CBBB7130F6}"
EndProject
Project("{FAE04EC0-301F-11D3-BF4B-00C04F79EFBC}") = "ActiveRecord.Inventory.PresentationLayer", "src\CSharpActiveRecord\Inventory\ActiveRecord.Inventory.PresentationLayer\ActiveRecord.Inventory.PresentationLayer.csproj", "{A1D56613-825B-4721-A5C0-30A15CF6C0B1}"
EndProject
Project("{FAE04EC0-301F-11D3-BF4B-00C04F79EFBC}") = "ActiveRecord.Inventory.DataAccessLayer", "src\CSharpActiveRecord\Inventory\ActiveRecord.Inventory.DataAccessLayer\ActiveRecord.Inventory.DataAccessLayer.csproj", "{A78C9386-6DFA-4162-AA47-96F5ED6C973B}"
EndProject
Project("{FAE04EC0-301F-11D3-BF4B-00C04F79EFBC}") = "ActiveRecord.Inventory.MainLogicLayer", "src\CSharpActiveRecord\Inventory\ActiveRecord.Inventory.MainLogicLayer\ActiveRecord.Inventory.MainLogicLayer.csproj", "{77F39696-36EE-4A29-9611-4809BE7E2122}"
EndProject
Project("{FAE04EC0-301F-11D3-BF4B-00C04F79EFBC}") = "ActiveRecord.Inventory.ServicesLayer", "src\CSharpActiveRecord\Inventory\ActiveRecord.Inventory.ServicesLayer\ActiveRecord.Inventory.ServicesLayer.csproj", "{3C5C0B4F-69A1-4798-B957-B473EE912566}"
EndProject
Project("{2150E333-8FDC-42A3-9474-1A3956D46DE8}") = "CSharpDomainModel", "CSharpDomainModel", "{78E643BE-41CE-4132-AFDD-3AE8FD33AE88}"
	ProjectSection(SolutionItems) = preProject
		src\CSharpDomainModel\README.md = src\CSharpDomainModel\README.md
	EndProjectSection
EndProject
Project("{2150E333-8FDC-42A3-9474-1A3956D46DE8}") = "CSharpDomainModel", "CSharpDomainModel", "{FCB7D652-3B1C-43CD-9BBC-44C88B3B232B}"
EndProject
Project("{2150E333-8FDC-42A3-9474-1A3956D46DE8}") = "Inventory", "Inventory", "{E96B80BF-4AD2-41E3-B768-0C075FC9AE41}"
	ProjectSection(SolutionItems) = preProject
		src\CSharpDomainModel\Inventory\README.md = src\CSharpDomainModel\Inventory\README.md
	EndProjectSection
EndProject
Project("{2150E333-8FDC-42A3-9474-1A3956D46DE8}") = "Inventory", "Inventory", "{F6EF8619-C793-4503-B8E3-9D492D4F7724}"
EndProject
Project("{FAE04EC0-301F-11D3-BF4B-00C04F79EFBC}") = "SampleDMConsoleApp", "src\CSharpDomainModel\SampleDMConsoleApp\SampleDMConsoleApp.csproj", "{643F8628-C07E-4ECA-9A1C-010B89CE4115}"
EndProject
Project("{FAE04EC0-301F-11D3-BF4B-00C04F79EFBC}") = "DomainModel.Inventory.Domain", "src\CSharpDomainModel\Inventory\DomainModel.Inventory.Domain\DomainModel.Inventory.Domain.csproj", "{E935E30D-4050-458B-9113-A300D3A6EA3A}"
EndProject
Project("{FAE04EC0-301F-11D3-BF4B-00C04F79EFBC}") = "ActiveRecord.Inventory.ServicesLayer.Tests.Integration", "tests\CSharpActiveRecord\Inventory\ActiveRecord.Inventory.ServicesLayer.Tests.Integration\ActiveRecord.Inventory.ServicesLayer.Tests.Integration.csproj", "{BD675D20-CA75-2831-6028-A966E5B77E72}"
EndProject
Project("{FAE04EC0-301F-11D3-BF4B-00C04F79EFBC}") = "DomainModel.Inventory.Contracts", "src\CSharpDomainModel\Inventory\DomainModel.Inventory.Contracts\DomainModel.Inventory.Contracts.csproj", "{93B4C0CC-7326-45C8-B72B-A25C55039B99}"
EndProject
Project("{FAE04EC0-301F-11D3-BF4B-00C04F79EFBC}") = "DomainModel.Inventory.Application", "src\CSharpDomainModel\Inventory\DomainModel.Inventory.Application\DomainModel.Inventory.Application.csproj", "{F5897AFE-5A5F-4BCD-9DC9-231C31515DEA}"
EndProject
Project("{FAE04EC0-301F-11D3-BF4B-00C04F79EFBC}") = "DomainModel.Inventory.Infra", "src\CSharpDomainModel\Inventory\DomainModel.Inventory.Infra\DomainModel.Inventory.Infra.csproj", "{7A5DF5FF-EE71-433D-A4D6-68DF62793292}"
EndProject
Project("{FAE04EC0-301F-11D3-BF4B-00C04F79EFBC}") = "DomainModel.Inventory.Domain.Tests.Unit", "tests\CSharpDomainModel\Inventory\DomainModel.Inventory.Domain.Tests.Unit\DomainModel.Inventory.Domain.Tests.Unit.csproj", "{E60AAED8-E6AD-4CC8-A836-E61F366AC8BC}"
EndProject
Project("{FAE04EC0-301F-11D3-BF4B-00C04F79EFBC}") = "DomainModel.Inventory.Application.Tests.Story", "tests\CSharpDomainModel\Inventory\DomainModel.Inventory.Application.Tests.Story\DomainModel.Inventory.Application.Tests.Story.csproj", "{895A9A07-8835-472C-88D1-7DF18E7AEA5A}"
EndProject
Project("{2150E333-8FDC-42A3-9474-1A3956D46DE8}") = "CSharpEventSource", "CSharpEventSource", "{FDB9DEA3-3A60-4937-8962-C33B0259C44D}"
	ProjectSection(SolutionItems) = preProject
		src\CSharpEventSource\README.md = src\CSharpEventSource\README.md
	EndProjectSection
EndProject
Project("{2150E333-8FDC-42A3-9474-1A3956D46DE8}") = "CSharpEventSource", "CSharpEventSource", "{D6743101-DE6A-419F-9E3D-66D8647720C7}"
EndProject
Project("{2150E333-8FDC-42A3-9474-1A3956D46DE8}") = "Inventory", "Inventory", "{7C20D613-40F0-4DC3-9B0B-ECB0B3951358}"
	ProjectSection(SolutionItems) = preProject
		src\CSharpEventSource\Inventory\README.md = src\CSharpEventSource\Inventory\README.md
	EndProjectSection
EndProject
Project("{2150E333-8FDC-42A3-9474-1A3956D46DE8}") = "Inventory", "Inventory", "{2129C934-3C92-4277-B6EF-3861854D5796}"
EndProject
Project("{FAE04EC0-301F-11D3-BF4B-00C04F79EFBC}") = "SampleESConsoleApp", "src\CSharpEventSource\SampleESConsoleApp\SampleESConsoleApp.csproj", "{2CD160C7-A800-409E-B849-E73C18E85298}"
EndProject
Project("{FAE04EC0-301F-11D3-BF4B-00C04F79EFBC}") = "EventSource.Inventory.Contracts", "src\CSharpEventSource\Inventory\EventSource.Inventory.Contracts\EventSource.Inventory.Contracts.csproj", "{946F4FFA-5D26-4B77-B1E0-B7CC664C5E47}"
EndProject
Project("{FAE04EC0-301F-11D3-BF4B-00C04F79EFBC}") = "EventSource.Inventory.Domain", "src\CSharpEventSource\Inventory\EventSource.Inventory.Domain\EventSource.Inventory.Domain.csproj", "{60486469-A0BC-40C7-8039-69F0EB94FE4F}"
EndProject
Project("{FAE04EC0-301F-11D3-BF4B-00C04F79EFBC}") = "EventSource.Inventory.Application", "src\CSharpEventSource\Inventory\EventSource.Inventory.Application\EventSource.Inventory.Application.csproj", "{039EABF3-3ECA-45F8-8E5D-74880B59FE8B}"
EndProject
Project("{FAE04EC0-301F-11D3-BF4B-00C04F79EFBC}") = "EventSource.Inventory.Infra", "src\CSharpEventSource\Inventory\EventSource.Inventory.Infra\EventSource.Inventory.Infra.csproj", "{478FCB5D-D047-442C-AF28-FB2FAE81931D}"
EndProject
Project("{FAE04EC0-301F-11D3-BF4B-00C04F79EFBC}") = "EventSource.Inventory.Domain.Tests.Unit", "tests\CSharpEventSource\Inventory\EventSource.Inventory.Domain.Tests.Unit\EventSource.Inventory.Domain.Tests.Unit.csproj", "{13B01CF1-F87C-40CD-BB39-F5938757CD23}"
EndProject
Project("{FAE04EC0-301F-11D3-BF4B-00C04F79EFBC}") = "EventSource.Inventory.Application.Tests.Story", "tests\CSharpEventSource\Inventory\EventSource.Inventory.Application.Tests.Story\EventSource.Inventory.Application.Tests.Story.csproj", "{8BB9F0B5-0C98-452D-8E02-6DA2FCED535F}"
EndProject
Project("{2150E333-8FDC-42A3-9474-1A3956D46DE8}") = "CSharpBase", "CSharpBase", "{5135C861-E778-4E81-A0EE-34A8E6171FDD}"
EndProject
Project("{2150E333-8FDC-42A3-9474-1A3956D46DE8}") = "src", "src", "{3A2F3311-9212-470B-A76F-80B227EBA594}"
EndProject
Project("{2150E333-8FDC-42A3-9474-1A3956D46DE8}") = "tests", "tests", "{6D89884E-26AB-4EC1-A3F6-1C8E6F39AB1B}"
EndProject
Project("{2150E333-8FDC-42A3-9474-1A3956D46DE8}") = "TS3Layers", "TS3Layers", "{74D37CE1-837C-4F5B-AA5A-1915AFD13E8A}"
	ProjectSection(SolutionItems) = preProject
		CSharpBase\src\TS3Layers\README.md = CSharpBase\src\TS3Layers\README.md
	EndProjectSection
EndProject
Project("{2150E333-8FDC-42A3-9474-1A3956D46DE8}") = "AR4Layers", "AR4Layers", "{1497404F-CB22-4BC3-BB50-EFEA4C6F25D8}"
	ProjectSection(SolutionItems) = preProject
		CSharpBase\src\AR4Layers\README.md = CSharpBase\src\AR4Layers\README.md
	EndProjectSection
EndProject
Project("{2150E333-8FDC-42A3-9474-1A3956D46DE8}") = "DMHexagonal", "DMHexagonal", "{5CDCB948-9B11-45CA-A406-F4789E35E59E}"
	ProjectSection(SolutionItems) = preProject
		CSharpBase\src\DMHexagonal\README.md = CSharpBase\src\DMHexagonal\README.md
	EndProjectSection
EndProject
Project("{2150E333-8FDC-42A3-9474-1A3956D46DE8}") = "ESCQRS", "ESCQRS", "{62CBE718-2E63-4548-BC59-077E5B6B574E}"
	ProjectSection(SolutionItems) = preProject
		CSharpBase\src\ESCQRS\README.md = CSharpBase\src\ESCQRS\README.md
	EndProjectSection
EndProject
Project("{2150E333-8FDC-42A3-9474-1A3956D46DE8}") = "AR4Layers", "AR4Layers", "{C38E69EA-A0BA-4AB4-BA8C-849C53E46F42}"
EndProject
Project("{2150E333-8FDC-42A3-9474-1A3956D46DE8}") = "TS3Layers", "TS3Layers", "{73092067-B525-4413-8E9E-C5C8DA6EED91}"
EndProject
Project("{2150E333-8FDC-42A3-9474-1A3956D46DE8}") = "DMHexagonal", "DMHexagonal", "{BC20ACA4-CCDC-44EA-A6D5-700914503953}"
EndProject
Project("{2150E333-8FDC-42A3-9474-1A3956D46DE8}") = "ESCQRS", "ESCQRS", "{A8D05B18-0239-4ACF-B485-37AF485DB7CB}"
EndProject
Project("{2150E333-8FDC-42A3-9474-1A3956D46DE8}") = "Inventory", "Inventory", "{2F773946-9D7C-4CA8-BAB3-F037C0E24B16}"
EndProject
Project("{2150E333-8FDC-42A3-9474-1A3956D46DE8}") = "Inventory", "Inventory", "{60993546-A978-4758-8784-F6DFAF658B4A}"
	ProjectSection(SolutionItems) = preProject
		CSharpBase\src\TS3Layers\Inventory\README.md = CSharpBase\src\TS3Layers\Inventory\README.md
	EndProjectSection
EndProject
Project("{2150E333-8FDC-42A3-9474-1A3956D46DE8}") = "Inventory", "Inventory", "{EC0CA9B1-F20F-4544-8124-A4FE536BF507}"
EndProject
Project("{2150E333-8FDC-42A3-9474-1A3956D46DE8}") = "Inventory", "Inventory", "{EC939605-1EFD-43BB-AFB3-65C5110C029C}"
	ProjectSection(SolutionItems) = preProject
		CSharpBase\src\AR4Layers\Inventory\README.md = CSharpBase\src\AR4Layers\Inventory\README.md
	EndProjectSection
EndProject
Project("{2150E333-8FDC-42A3-9474-1A3956D46DE8}") = "Inventory", "Inventory", "{8E27048B-57B8-4254-BCE1-813199006BFF}"
	ProjectSection(SolutionItems) = preProject
		CSharpBase\src\DMHexagonal\Inventory\README.md = CSharpBase\src\DMHexagonal\Inventory\README.md
	EndProjectSection
EndProject
Project("{2150E333-8FDC-42A3-9474-1A3956D46DE8}") = "Inventory", "Inventory", "{DF15538A-0ECF-4E77-9082-4E554ECAD9B9}"
	ProjectSection(SolutionItems) = preProject
		CSharpBase\src\ESCQRS\Inventory\README.md = CSharpBase\src\ESCQRS\Inventory\README.md
	EndProjectSection
EndProject
Project("{2150E333-8FDC-42A3-9474-1A3956D46DE8}") = "Inventory", "Inventory", "{1B7128E7-C4CB-4375-A00B-A0481CC0192B}"
EndProject
Project("{2150E333-8FDC-42A3-9474-1A3956D46DE8}") = "Inventory", "Inventory", "{7260F56E-A210-47BB-A322-79D6E7D1FBE9}"
EndProject
Project("{FAE04EC0-301F-11D3-BF4B-00C04F79EFBC}") = "ESCQRSConsoleApp", "CSharpBase\src\ESCQRS\ESCQRSConsoleApp\ESCQRSConsoleApp.csproj", "{2A0AD83F-3BFE-4391-9AEE-DBE45E06B3DF}"
EndProject
Project("{FAE04EC0-301F-11D3-BF4B-00C04F79EFBC}") = "TS3LayersConsoleApp", "CSharpBase\src\TS3Layers\TS3LayersConsoleApp\TS3LayersConsoleApp.csproj", "{32CD7E41-8E24-43D7-9672-905A075F0ADF}"
EndProject
Project("{FAE04EC0-301F-11D3-BF4B-00C04F79EFBC}") = "AR4LayersConsoleApp", "CSharpBase\src\AR4Layers\AR4LayersConsoleApp\AR4LayersConsoleApp.csproj", "{B7322EBA-ADC9-4F08-BDE8-C314C2B6FAC0}"
EndProject
Project("{FAE04EC0-301F-11D3-BF4B-00C04F79EFBC}") = "DMHexagonalConsoleApp", "CSharpBase\src\DMHexagonal\DMHexagonalConsoleApp\DMHexagonalConsoleApp.csproj", "{0F4A9547-B973-49C9-88FD-304CB01A07E8}"
EndProject
Project("{FAE04EC0-301F-11D3-BF4B-00C04F79EFBC}") = "TS3L.Inventory.Core", "CSharpBase\src\TS3Layers\Inventory\TS3L.Inventory.Core\TS3L.Inventory.Core.csproj", "{4F3071AC-66F2-4F3C-83CE-0BF650EA401C}"
EndProject
Project("{FAE04EC0-301F-11D3-BF4B-00C04F79EFBC}") = "TS3L.Inventory.Presentation", "CSharpBase\src\TS3Layers\Inventory\TS3L.Inventory.Presentation\TS3L.Inventory.Presentation.csproj", "{03E0BD86-BB06-4B16-BA55-8958175B67A5}"
EndProject
Project("{FAE04EC0-301F-11D3-BF4B-00C04F79EFBC}") = "AR4L.Inventory.Core", "CSharpBase\src\AR4Layers\Inventory\AR4L.Inventory.Core\AR4L.Inventory.Core.csproj", "{4BA42E6E-25A5-437C-96FB-D2339D4A85EE}"
EndProject
Project("{FAE04EC0-301F-11D3-BF4B-00C04F79EFBC}") = "TS3L.Inventory.DataAccess", "CSharpBase\src\TS3Layers\Inventory\TS3L.Inventory.DataAccess\TS3L.Inventory.DataAccess.csproj", "{945CE859-B85B-4056-83A1-A1FF8E8E738D}"
EndProject
Project("{FAE04EC0-301F-11D3-BF4B-00C04F79EFBC}") = "AR4L.Inventory.DataAccess", "CSharpBase\src\AR4Layers\Inventory\AR4L.Inventory.DataAccess\AR4L.Inventory.DataAccess.csproj", "{49C64944-7876-4D5E-8937-B658EAC9B0C8}"
EndProject
Project("{FAE04EC0-301F-11D3-BF4B-00C04F79EFBC}") = "AR4L.Inventory.Presentation", "CSharpBase\src\AR4Layers\Inventory\AR4L.Inventory.Presentation\AR4L.Inventory.Presentation.csproj", "{C49459EA-9FD6-4BE2-923A-DEA771195549}"
EndProject
Project("{FAE04EC0-301F-11D3-BF4B-00C04F79EFBC}") = "AR4L.Inventory.Services", "CSharpBase\src\AR4Layers\Inventory\AR4L.Inventory.Services\AR4L.Inventory.Services.csproj", "{D0886927-0F72-4B37-BFDA-9E4428D42F34}"
EndProject
Project("{FAE04EC0-301F-11D3-BF4B-00C04F79EFBC}") = "ESCQRS.Inventory.Core", "CSharpBase\src\ESCQRS\Inventory\ESCQRS.Inventory.Core\ESCQRS.Inventory.Core.csproj", "{56B117ED-6901-4F4F-82F1-C18E144932E4}"
EndProject
Project("{FAE04EC0-301F-11D3-BF4B-00C04F79EFBC}") = "ESCQRS.Inventory.Application", "CSharpBase\src\ESCQRS\Inventory\ESCQRS.Inventory.Application\ESCQRS.Inventory.Application.csproj", "{BF9DEA8B-DFDD-45C8-AB67-C3FDAD542341}"
EndProject
Project("{FAE04EC0-301F-11D3-BF4B-00C04F79EFBC}") = "ESCQRS.Inventory.Infra", "CSharpBase\src\ESCQRS\Inventory\ESCQRS.Inventory.Infra\ESCQRS.Inventory.Infra.csproj", "{41AA0F30-4F54-4EC7-B800-1CB3972E7369}"
EndProject
Project("{FAE04EC0-301F-11D3-BF4B-00C04F79EFBC}") = "TS3L.Inventory.Presentation.Tests.Story", "CSharpBase\tests\TS3Layers\Inventory\TS3L.Inventory.Presentation.Tests.Story\TS3L.Inventory.Presentation.Tests.Story.csproj", "{FE9A07A7-0C90-453F-92C0-5D154931AEF1}"
EndProject
Project("{FAE04EC0-301F-11D3-BF4B-00C04F79EFBC}") = "AR4L.Inventory.Presentation.Tests.Story", "CSharpBase\tests\AR4Layers\Inventory\AR4L.Inventory.Presentation.Tests.Story\AR4L.Inventory.Presentation.Tests.Story.csproj", "{6713F6FB-45A6-4BD0-A4D5-BF3F9AEF229E}"
EndProject
Project("{FAE04EC0-301F-11D3-BF4B-00C04F79EFBC}") = "AR4L.Inventory.Services.Tests.Integration", "CSharpBase\tests\AR4Layers\Inventory\AR4L.Inventory.Services.Tests.Integration\AR4L.Inventory.Services.Tests.Integration.csproj", "{FCC1B8AB-3AA6-433D-99EA-73170E565223}"
EndProject
Project("{FAE04EC0-301F-11D3-BF4B-00C04F79EFBC}") = "ESCQRS.Inventory.Core.Tests.Unit", "CSharpBase\tests\ESCQRS\Inventory\ESCQRS.Inventory.Core.Tests.Unit\ESCQRS.Inventory.Core.Tests.Unit.csproj", "{09CF455C-F49F-4545-AEE0-B759E5C32120}"
EndProject
Project("{FAE04EC0-301F-11D3-BF4B-00C04F79EFBC}") = "ESCQRS.Inventory.Application.Tests.Story", "CSharpBase\tests\ESCQRS\Inventory\ESCQRS.Inventory.Application.Tests.Story\ESCQRS.Inventory.Application.Tests.Story.csproj", "{88BB482A-9A1A-42AE-844B-5B4AF1D312D5}"
EndProject
Project("{FAE04EC0-301F-11D3-BF4B-00C04F79EFBC}") = "DMHexagonal.Inventory.Core", "CSharpBase\src\DMHexagonal\Inventory\DMHexagonal.Inventory.Core\DMHexagonal.Inventory.Core.csproj", "{80870005-20D6-4E32-AE93-643C719AE9B7}"
EndProject
Project("{FAE04EC0-301F-11D3-BF4B-00C04F79EFBC}") = "DMHexagonal.Inventory.Application", "CSharpBase\src\DMHexagonal\Inventory\DMHexagonal.Inventory.Application\DMHexagonal.Inventory.Application.csproj", "{F7A5913A-8330-454C-B568-A763DF751B0F}"
EndProject
Project("{FAE04EC0-301F-11D3-BF4B-00C04F79EFBC}") = "DMHexagonal.Inventory.Infra", "CSharpBase\src\DMHexagonal\Inventory\DMHexagonal.Inventory.Infra\DMHexagonal.Inventory.Infra.csproj", "{EF83E582-AE99-4B09-954F-2851456F0B36}"
EndProject
Project("{FAE04EC0-301F-11D3-BF4B-00C04F79EFBC}") = "DMHexagonal.Inventory.Core.Tests.Unit", "CSharpBase\tests\DMHexagonal\Inventory\DMHexagonal.Inventory.Core.Tests.Unit\DMHexagonal.Inventory.Core.Tests.Unit.csproj", "{08CCFC69-E8A6-42FA-9AD3-3A7B94380EFE}"
EndProject
Project("{FAE04EC0-301F-11D3-BF4B-00C04F79EFBC}") = "DMHexagonal.Inventory.Application.Tests.Story", "CSharpBase\tests\DMHexagonal\Inventory\DMHexagonal.Inventory.Application.Tests.Story\DMHexagonal.Inventory.Application.Tests.Story.csproj", "{3450476F-A20D-481E-B2C3-188EE9ACC9C7}"
EndProject
Global
	GlobalSection(SolutionConfigurationPlatforms) = preSolution
		Debug|Any CPU = Debug|Any CPU
		Release|Any CPU = Release|Any CPU
	EndGlobalSection
	GlobalSection(ProjectConfigurationPlatforms) = postSolution
		{58D9B1F3-0E6E-4C98-99B2-46EA51B3FBBA}.Debug|Any CPU.ActiveCfg = Debug|Any CPU
		{58D9B1F3-0E6E-4C98-99B2-46EA51B3FBBA}.Debug|Any CPU.Build.0 = Debug|Any CPU
		{58D9B1F3-0E6E-4C98-99B2-46EA51B3FBBA}.Release|Any CPU.ActiveCfg = Release|Any CPU
		{58D9B1F3-0E6E-4C98-99B2-46EA51B3FBBA}.Release|Any CPU.Build.0 = Release|Any CPU
		{A558A739-1DCF-4C82-8C7F-B690DC1AB8EB}.Debug|Any CPU.ActiveCfg = Debug|Any CPU
		{A558A739-1DCF-4C82-8C7F-B690DC1AB8EB}.Debug|Any CPU.Build.0 = Debug|Any CPU
		{A558A739-1DCF-4C82-8C7F-B690DC1AB8EB}.Release|Any CPU.ActiveCfg = Release|Any CPU
		{A558A739-1DCF-4C82-8C7F-B690DC1AB8EB}.Release|Any CPU.Build.0 = Release|Any CPU
		{ADC89A90-3F81-4303-964D-3CA6D96E29A9}.Debug|Any CPU.ActiveCfg = Debug|Any CPU
		{ADC89A90-3F81-4303-964D-3CA6D96E29A9}.Debug|Any CPU.Build.0 = Debug|Any CPU
		{ADC89A90-3F81-4303-964D-3CA6D96E29A9}.Release|Any CPU.ActiveCfg = Release|Any CPU
		{ADC89A90-3F81-4303-964D-3CA6D96E29A9}.Release|Any CPU.Build.0 = Release|Any CPU
		{B17560B9-2D4F-4866-BCFA-7D08BD2DF6E4}.Debug|Any CPU.ActiveCfg = Debug|Any CPU
		{B17560B9-2D4F-4866-BCFA-7D08BD2DF6E4}.Debug|Any CPU.Build.0 = Debug|Any CPU
		{B17560B9-2D4F-4866-BCFA-7D08BD2DF6E4}.Release|Any CPU.ActiveCfg = Release|Any CPU
		{B17560B9-2D4F-4866-BCFA-7D08BD2DF6E4}.Release|Any CPU.Build.0 = Release|Any CPU
		{FA21F0A8-E2E0-4085-B5A3-04322B599661}.Debug|Any CPU.ActiveCfg = Debug|Any CPU
		{FA21F0A8-E2E0-4085-B5A3-04322B599661}.Debug|Any CPU.Build.0 = Debug|Any CPU
		{FA21F0A8-E2E0-4085-B5A3-04322B599661}.Release|Any CPU.ActiveCfg = Release|Any CPU
		{FA21F0A8-E2E0-4085-B5A3-04322B599661}.Release|Any CPU.Build.0 = Release|Any CPU
		{A3A24470-6E47-46FC-8189-4512F3FE5461}.Debug|Any CPU.ActiveCfg = Debug|Any CPU
		{A3A24470-6E47-46FC-8189-4512F3FE5461}.Debug|Any CPU.Build.0 = Debug|Any CPU
		{A3A24470-6E47-46FC-8189-4512F3FE5461}.Release|Any CPU.ActiveCfg = Release|Any CPU
		{A3A24470-6E47-46FC-8189-4512F3FE5461}.Release|Any CPU.Build.0 = Release|Any CPU
		{407FAE05-F70A-4721-8755-A678B87B3459}.Debug|Any CPU.ActiveCfg = Debug|Any CPU
		{407FAE05-F70A-4721-8755-A678B87B3459}.Debug|Any CPU.Build.0 = Debug|Any CPU
		{407FAE05-F70A-4721-8755-A678B87B3459}.Release|Any CPU.ActiveCfg = Release|Any CPU
		{407FAE05-F70A-4721-8755-A678B87B3459}.Release|Any CPU.Build.0 = Release|Any CPU
		{9CDEB5E7-65E3-495D-BAF3-11CBBB7130F6}.Debug|Any CPU.ActiveCfg = Debug|Any CPU
		{9CDEB5E7-65E3-495D-BAF3-11CBBB7130F6}.Debug|Any CPU.Build.0 = Debug|Any CPU
		{9CDEB5E7-65E3-495D-BAF3-11CBBB7130F6}.Release|Any CPU.ActiveCfg = Release|Any CPU
		{9CDEB5E7-65E3-495D-BAF3-11CBBB7130F6}.Release|Any CPU.Build.0 = Release|Any CPU
		{A1D56613-825B-4721-A5C0-30A15CF6C0B1}.Debug|Any CPU.ActiveCfg = Debug|Any CPU
		{A1D56613-825B-4721-A5C0-30A15CF6C0B1}.Debug|Any CPU.Build.0 = Debug|Any CPU
		{A1D56613-825B-4721-A5C0-30A15CF6C0B1}.Release|Any CPU.ActiveCfg = Release|Any CPU
		{A1D56613-825B-4721-A5C0-30A15CF6C0B1}.Release|Any CPU.Build.0 = Release|Any CPU
		{A78C9386-6DFA-4162-AA47-96F5ED6C973B}.Debug|Any CPU.ActiveCfg = Debug|Any CPU
		{A78C9386-6DFA-4162-AA47-96F5ED6C973B}.Debug|Any CPU.Build.0 = Debug|Any CPU
		{A78C9386-6DFA-4162-AA47-96F5ED6C973B}.Release|Any CPU.ActiveCfg = Release|Any CPU
		{A78C9386-6DFA-4162-AA47-96F5ED6C973B}.Release|Any CPU.Build.0 = Release|Any CPU
		{77F39696-36EE-4A29-9611-4809BE7E2122}.Debug|Any CPU.ActiveCfg = Debug|Any CPU
		{77F39696-36EE-4A29-9611-4809BE7E2122}.Debug|Any CPU.Build.0 = Debug|Any CPU
		{77F39696-36EE-4A29-9611-4809BE7E2122}.Release|Any CPU.ActiveCfg = Release|Any CPU
		{77F39696-36EE-4A29-9611-4809BE7E2122}.Release|Any CPU.Build.0 = Release|Any CPU
		{3C5C0B4F-69A1-4798-B957-B473EE912566}.Debug|Any CPU.ActiveCfg = Debug|Any CPU
		{3C5C0B4F-69A1-4798-B957-B473EE912566}.Debug|Any CPU.Build.0 = Debug|Any CPU
		{3C5C0B4F-69A1-4798-B957-B473EE912566}.Release|Any CPU.ActiveCfg = Release|Any CPU
		{3C5C0B4F-69A1-4798-B957-B473EE912566}.Release|Any CPU.Build.0 = Release|Any CPU
		{643F8628-C07E-4ECA-9A1C-010B89CE4115}.Debug|Any CPU.ActiveCfg = Debug|Any CPU
		{643F8628-C07E-4ECA-9A1C-010B89CE4115}.Debug|Any CPU.Build.0 = Debug|Any CPU
		{643F8628-C07E-4ECA-9A1C-010B89CE4115}.Release|Any CPU.ActiveCfg = Release|Any CPU
		{643F8628-C07E-4ECA-9A1C-010B89CE4115}.Release|Any CPU.Build.0 = Release|Any CPU
		{E935E30D-4050-458B-9113-A300D3A6EA3A}.Debug|Any CPU.ActiveCfg = Debug|Any CPU
		{E935E30D-4050-458B-9113-A300D3A6EA3A}.Debug|Any CPU.Build.0 = Debug|Any CPU
		{E935E30D-4050-458B-9113-A300D3A6EA3A}.Release|Any CPU.ActiveCfg = Release|Any CPU
		{E935E30D-4050-458B-9113-A300D3A6EA3A}.Release|Any CPU.Build.0 = Release|Any CPU
		{BD675D20-CA75-2831-6028-A966E5B77E72}.Debug|Any CPU.ActiveCfg = Debug|Any CPU
		{BD675D20-CA75-2831-6028-A966E5B77E72}.Debug|Any CPU.Build.0 = Debug|Any CPU
		{BD675D20-CA75-2831-6028-A966E5B77E72}.Release|Any CPU.ActiveCfg = Release|Any CPU
		{BD675D20-CA75-2831-6028-A966E5B77E72}.Release|Any CPU.Build.0 = Release|Any CPU
		{93B4C0CC-7326-45C8-B72B-A25C55039B99}.Debug|Any CPU.ActiveCfg = Debug|Any CPU
		{93B4C0CC-7326-45C8-B72B-A25C55039B99}.Debug|Any CPU.Build.0 = Debug|Any CPU
		{93B4C0CC-7326-45C8-B72B-A25C55039B99}.Release|Any CPU.ActiveCfg = Release|Any CPU
		{93B4C0CC-7326-45C8-B72B-A25C55039B99}.Release|Any CPU.Build.0 = Release|Any CPU
		{F5897AFE-5A5F-4BCD-9DC9-231C31515DEA}.Debug|Any CPU.ActiveCfg = Debug|Any CPU
		{F5897AFE-5A5F-4BCD-9DC9-231C31515DEA}.Debug|Any CPU.Build.0 = Debug|Any CPU
		{F5897AFE-5A5F-4BCD-9DC9-231C31515DEA}.Release|Any CPU.ActiveCfg = Release|Any CPU
		{F5897AFE-5A5F-4BCD-9DC9-231C31515DEA}.Release|Any CPU.Build.0 = Release|Any CPU
		{7A5DF5FF-EE71-433D-A4D6-68DF62793292}.Debug|Any CPU.ActiveCfg = Debug|Any CPU
		{7A5DF5FF-EE71-433D-A4D6-68DF62793292}.Debug|Any CPU.Build.0 = Debug|Any CPU
		{7A5DF5FF-EE71-433D-A4D6-68DF62793292}.Release|Any CPU.ActiveCfg = Release|Any CPU
		{7A5DF5FF-EE71-433D-A4D6-68DF62793292}.Release|Any CPU.Build.0 = Release|Any CPU
		{E60AAED8-E6AD-4CC8-A836-E61F366AC8BC}.Debug|Any CPU.ActiveCfg = Debug|Any CPU
		{E60AAED8-E6AD-4CC8-A836-E61F366AC8BC}.Debug|Any CPU.Build.0 = Debug|Any CPU
		{E60AAED8-E6AD-4CC8-A836-E61F366AC8BC}.Release|Any CPU.ActiveCfg = Release|Any CPU
		{E60AAED8-E6AD-4CC8-A836-E61F366AC8BC}.Release|Any CPU.Build.0 = Release|Any CPU
		{895A9A07-8835-472C-88D1-7DF18E7AEA5A}.Debug|Any CPU.ActiveCfg = Debug|Any CPU
		{895A9A07-8835-472C-88D1-7DF18E7AEA5A}.Debug|Any CPU.Build.0 = Debug|Any CPU
		{895A9A07-8835-472C-88D1-7DF18E7AEA5A}.Release|Any CPU.ActiveCfg = Release|Any CPU
		{895A9A07-8835-472C-88D1-7DF18E7AEA5A}.Release|Any CPU.Build.0 = Release|Any CPU
		{2CD160C7-A800-409E-B849-E73C18E85298}.Debug|Any CPU.ActiveCfg = Debug|Any CPU
		{2CD160C7-A800-409E-B849-E73C18E85298}.Debug|Any CPU.Build.0 = Debug|Any CPU
		{2CD160C7-A800-409E-B849-E73C18E85298}.Release|Any CPU.ActiveCfg = Release|Any CPU
		{2CD160C7-A800-409E-B849-E73C18E85298}.Release|Any CPU.Build.0 = Release|Any CPU
		{946F4FFA-5D26-4B77-B1E0-B7CC664C5E47}.Debug|Any CPU.ActiveCfg = Debug|Any CPU
		{946F4FFA-5D26-4B77-B1E0-B7CC664C5E47}.Debug|Any CPU.Build.0 = Debug|Any CPU
		{946F4FFA-5D26-4B77-B1E0-B7CC664C5E47}.Release|Any CPU.ActiveCfg = Release|Any CPU
		{946F4FFA-5D26-4B77-B1E0-B7CC664C5E47}.Release|Any CPU.Build.0 = Release|Any CPU
		{60486469-A0BC-40C7-8039-69F0EB94FE4F}.Debug|Any CPU.ActiveCfg = Debug|Any CPU
		{60486469-A0BC-40C7-8039-69F0EB94FE4F}.Debug|Any CPU.Build.0 = Debug|Any CPU
		{60486469-A0BC-40C7-8039-69F0EB94FE4F}.Release|Any CPU.ActiveCfg = Release|Any CPU
		{60486469-A0BC-40C7-8039-69F0EB94FE4F}.Release|Any CPU.Build.0 = Release|Any CPU
		{039EABF3-3ECA-45F8-8E5D-74880B59FE8B}.Debug|Any CPU.ActiveCfg = Debug|Any CPU
		{039EABF3-3ECA-45F8-8E5D-74880B59FE8B}.Debug|Any CPU.Build.0 = Debug|Any CPU
		{039EABF3-3ECA-45F8-8E5D-74880B59FE8B}.Release|Any CPU.ActiveCfg = Release|Any CPU
		{039EABF3-3ECA-45F8-8E5D-74880B59FE8B}.Release|Any CPU.Build.0 = Release|Any CPU
		{478FCB5D-D047-442C-AF28-FB2FAE81931D}.Debug|Any CPU.ActiveCfg = Debug|Any CPU
		{478FCB5D-D047-442C-AF28-FB2FAE81931D}.Debug|Any CPU.Build.0 = Debug|Any CPU
		{478FCB5D-D047-442C-AF28-FB2FAE81931D}.Release|Any CPU.ActiveCfg = Release|Any CPU
		{478FCB5D-D047-442C-AF28-FB2FAE81931D}.Release|Any CPU.Build.0 = Release|Any CPU
		{13B01CF1-F87C-40CD-BB39-F5938757CD23}.Debug|Any CPU.ActiveCfg = Debug|Any CPU
		{13B01CF1-F87C-40CD-BB39-F5938757CD23}.Debug|Any CPU.Build.0 = Debug|Any CPU
		{13B01CF1-F87C-40CD-BB39-F5938757CD23}.Release|Any CPU.ActiveCfg = Release|Any CPU
		{13B01CF1-F87C-40CD-BB39-F5938757CD23}.Release|Any CPU.Build.0 = Release|Any CPU
		{8BB9F0B5-0C98-452D-8E02-6DA2FCED535F}.Debug|Any CPU.ActiveCfg = Debug|Any CPU
		{8BB9F0B5-0C98-452D-8E02-6DA2FCED535F}.Debug|Any CPU.Build.0 = Debug|Any CPU
		{8BB9F0B5-0C98-452D-8E02-6DA2FCED535F}.Release|Any CPU.ActiveCfg = Release|Any CPU
		{8BB9F0B5-0C98-452D-8E02-6DA2FCED535F}.Release|Any CPU.Build.0 = Release|Any CPU
		{2A0AD83F-3BFE-4391-9AEE-DBE45E06B3DF}.Debug|Any CPU.ActiveCfg = Debug|Any CPU
		{2A0AD83F-3BFE-4391-9AEE-DBE45E06B3DF}.Debug|Any CPU.Build.0 = Debug|Any CPU
		{2A0AD83F-3BFE-4391-9AEE-DBE45E06B3DF}.Release|Any CPU.ActiveCfg = Release|Any CPU
		{2A0AD83F-3BFE-4391-9AEE-DBE45E06B3DF}.Release|Any CPU.Build.0 = Release|Any CPU
		{32CD7E41-8E24-43D7-9672-905A075F0ADF}.Debug|Any CPU.ActiveCfg = Debug|Any CPU
		{32CD7E41-8E24-43D7-9672-905A075F0ADF}.Debug|Any CPU.Build.0 = Debug|Any CPU
		{32CD7E41-8E24-43D7-9672-905A075F0ADF}.Release|Any CPU.ActiveCfg = Release|Any CPU
		{32CD7E41-8E24-43D7-9672-905A075F0ADF}.Release|Any CPU.Build.0 = Release|Any CPU
		{B7322EBA-ADC9-4F08-BDE8-C314C2B6FAC0}.Debug|Any CPU.ActiveCfg = Debug|Any CPU
		{B7322EBA-ADC9-4F08-BDE8-C314C2B6FAC0}.Debug|Any CPU.Build.0 = Debug|Any CPU
		{B7322EBA-ADC9-4F08-BDE8-C314C2B6FAC0}.Release|Any CPU.ActiveCfg = Release|Any CPU
		{B7322EBA-ADC9-4F08-BDE8-C314C2B6FAC0}.Release|Any CPU.Build.0 = Release|Any CPU
		{0F4A9547-B973-49C9-88FD-304CB01A07E8}.Debug|Any CPU.ActiveCfg = Debug|Any CPU
		{0F4A9547-B973-49C9-88FD-304CB01A07E8}.Debug|Any CPU.Build.0 = Debug|Any CPU
		{0F4A9547-B973-49C9-88FD-304CB01A07E8}.Release|Any CPU.ActiveCfg = Release|Any CPU
		{0F4A9547-B973-49C9-88FD-304CB01A07E8}.Release|Any CPU.Build.0 = Release|Any CPU
		{4F3071AC-66F2-4F3C-83CE-0BF650EA401C}.Debug|Any CPU.ActiveCfg = Debug|Any CPU
		{4F3071AC-66F2-4F3C-83CE-0BF650EA401C}.Debug|Any CPU.Build.0 = Debug|Any CPU
		{4F3071AC-66F2-4F3C-83CE-0BF650EA401C}.Release|Any CPU.ActiveCfg = Release|Any CPU
		{4F3071AC-66F2-4F3C-83CE-0BF650EA401C}.Release|Any CPU.Build.0 = Release|Any CPU
		{03E0BD86-BB06-4B16-BA55-8958175B67A5}.Debug|Any CPU.ActiveCfg = Debug|Any CPU
		{03E0BD86-BB06-4B16-BA55-8958175B67A5}.Debug|Any CPU.Build.0 = Debug|Any CPU
		{03E0BD86-BB06-4B16-BA55-8958175B67A5}.Release|Any CPU.ActiveCfg = Release|Any CPU
		{03E0BD86-BB06-4B16-BA55-8958175B67A5}.Release|Any CPU.Build.0 = Release|Any CPU
		{4BA42E6E-25A5-437C-96FB-D2339D4A85EE}.Debug|Any CPU.ActiveCfg = Debug|Any CPU
		{4BA42E6E-25A5-437C-96FB-D2339D4A85EE}.Debug|Any CPU.Build.0 = Debug|Any CPU
		{4BA42E6E-25A5-437C-96FB-D2339D4A85EE}.Release|Any CPU.ActiveCfg = Release|Any CPU
		{4BA42E6E-25A5-437C-96FB-D2339D4A85EE}.Release|Any CPU.Build.0 = Release|Any CPU
		{945CE859-B85B-4056-83A1-A1FF8E8E738D}.Debug|Any CPU.ActiveCfg = Debug|Any CPU
		{945CE859-B85B-4056-83A1-A1FF8E8E738D}.Debug|Any CPU.Build.0 = Debug|Any CPU
		{945CE859-B85B-4056-83A1-A1FF8E8E738D}.Release|Any CPU.ActiveCfg = Release|Any CPU
		{945CE859-B85B-4056-83A1-A1FF8E8E738D}.Release|Any CPU.Build.0 = Release|Any CPU
		{49C64944-7876-4D5E-8937-B658EAC9B0C8}.Debug|Any CPU.ActiveCfg = Debug|Any CPU
		{49C64944-7876-4D5E-8937-B658EAC9B0C8}.Debug|Any CPU.Build.0 = Debug|Any CPU
		{49C64944-7876-4D5E-8937-B658EAC9B0C8}.Release|Any CPU.ActiveCfg = Release|Any CPU
		{49C64944-7876-4D5E-8937-B658EAC9B0C8}.Release|Any CPU.Build.0 = Release|Any CPU
		{C49459EA-9FD6-4BE2-923A-DEA771195549}.Debug|Any CPU.ActiveCfg = Debug|Any CPU
		{C49459EA-9FD6-4BE2-923A-DEA771195549}.Debug|Any CPU.Build.0 = Debug|Any CPU
		{C49459EA-9FD6-4BE2-923A-DEA771195549}.Release|Any CPU.ActiveCfg = Release|Any CPU
		{C49459EA-9FD6-4BE2-923A-DEA771195549}.Release|Any CPU.Build.0 = Release|Any CPU
		{D0886927-0F72-4B37-BFDA-9E4428D42F34}.Debug|Any CPU.ActiveCfg = Debug|Any CPU
		{D0886927-0F72-4B37-BFDA-9E4428D42F34}.Debug|Any CPU.Build.0 = Debug|Any CPU
		{D0886927-0F72-4B37-BFDA-9E4428D42F34}.Release|Any CPU.ActiveCfg = Release|Any CPU
		{D0886927-0F72-4B37-BFDA-9E4428D42F34}.Release|Any CPU.Build.0 = Release|Any CPU
		{56B117ED-6901-4F4F-82F1-C18E144932E4}.Debug|Any CPU.ActiveCfg = Debug|Any CPU
		{56B117ED-6901-4F4F-82F1-C18E144932E4}.Debug|Any CPU.Build.0 = Debug|Any CPU
		{56B117ED-6901-4F4F-82F1-C18E144932E4}.Release|Any CPU.ActiveCfg = Release|Any CPU
		{56B117ED-6901-4F4F-82F1-C18E144932E4}.Release|Any CPU.Build.0 = Release|Any CPU
		{BF9DEA8B-DFDD-45C8-AB67-C3FDAD542341}.Debug|Any CPU.ActiveCfg = Debug|Any CPU
		{BF9DEA8B-DFDD-45C8-AB67-C3FDAD542341}.Debug|Any CPU.Build.0 = Debug|Any CPU
		{BF9DEA8B-DFDD-45C8-AB67-C3FDAD542341}.Release|Any CPU.ActiveCfg = Release|Any CPU
		{BF9DEA8B-DFDD-45C8-AB67-C3FDAD542341}.Release|Any CPU.Build.0 = Release|Any CPU
		{41AA0F30-4F54-4EC7-B800-1CB3972E7369}.Debug|Any CPU.ActiveCfg = Debug|Any CPU
		{41AA0F30-4F54-4EC7-B800-1CB3972E7369}.Debug|Any CPU.Build.0 = Debug|Any CPU
		{41AA0F30-4F54-4EC7-B800-1CB3972E7369}.Release|Any CPU.ActiveCfg = Release|Any CPU
		{41AA0F30-4F54-4EC7-B800-1CB3972E7369}.Release|Any CPU.Build.0 = Release|Any CPU
		{FE9A07A7-0C90-453F-92C0-5D154931AEF1}.Debug|Any CPU.ActiveCfg = Debug|Any CPU
		{FE9A07A7-0C90-453F-92C0-5D154931AEF1}.Debug|Any CPU.Build.0 = Debug|Any CPU
		{FE9A07A7-0C90-453F-92C0-5D154931AEF1}.Release|Any CPU.ActiveCfg = Release|Any CPU
		{FE9A07A7-0C90-453F-92C0-5D154931AEF1}.Release|Any CPU.Build.0 = Release|Any CPU
		{6713F6FB-45A6-4BD0-A4D5-BF3F9AEF229E}.Debug|Any CPU.ActiveCfg = Debug|Any CPU
		{6713F6FB-45A6-4BD0-A4D5-BF3F9AEF229E}.Debug|Any CPU.Build.0 = Debug|Any CPU
		{6713F6FB-45A6-4BD0-A4D5-BF3F9AEF229E}.Release|Any CPU.ActiveCfg = Release|Any CPU
		{6713F6FB-45A6-4BD0-A4D5-BF3F9AEF229E}.Release|Any CPU.Build.0 = Release|Any CPU
		{FCC1B8AB-3AA6-433D-99EA-73170E565223}.Debug|Any CPU.ActiveCfg = Debug|Any CPU
		{FCC1B8AB-3AA6-433D-99EA-73170E565223}.Debug|Any CPU.Build.0 = Debug|Any CPU
		{FCC1B8AB-3AA6-433D-99EA-73170E565223}.Release|Any CPU.ActiveCfg = Release|Any CPU
		{FCC1B8AB-3AA6-433D-99EA-73170E565223}.Release|Any CPU.Build.0 = Release|Any CPU
		{09CF455C-F49F-4545-AEE0-B759E5C32120}.Debug|Any CPU.ActiveCfg = Debug|Any CPU
		{09CF455C-F49F-4545-AEE0-B759E5C32120}.Debug|Any CPU.Build.0 = Debug|Any CPU
		{09CF455C-F49F-4545-AEE0-B759E5C32120}.Release|Any CPU.ActiveCfg = Release|Any CPU
		{09CF455C-F49F-4545-AEE0-B759E5C32120}.Release|Any CPU.Build.0 = Release|Any CPU
		{88BB482A-9A1A-42AE-844B-5B4AF1D312D5}.Debug|Any CPU.ActiveCfg = Debug|Any CPU
		{88BB482A-9A1A-42AE-844B-5B4AF1D312D5}.Debug|Any CPU.Build.0 = Debug|Any CPU
		{88BB482A-9A1A-42AE-844B-5B4AF1D312D5}.Release|Any CPU.ActiveCfg = Release|Any CPU
		{88BB482A-9A1A-42AE-844B-5B4AF1D312D5}.Release|Any CPU.Build.0 = Release|Any CPU
		{80870005-20D6-4E32-AE93-643C719AE9B7}.Debug|Any CPU.ActiveCfg = Debug|Any CPU
		{80870005-20D6-4E32-AE93-643C719AE9B7}.Debug|Any CPU.Build.0 = Debug|Any CPU
		{80870005-20D6-4E32-AE93-643C719AE9B7}.Release|Any CPU.ActiveCfg = Release|Any CPU
		{80870005-20D6-4E32-AE93-643C719AE9B7}.Release|Any CPU.Build.0 = Release|Any CPU
		{F7A5913A-8330-454C-B568-A763DF751B0F}.Debug|Any CPU.ActiveCfg = Debug|Any CPU
		{F7A5913A-8330-454C-B568-A763DF751B0F}.Debug|Any CPU.Build.0 = Debug|Any CPU
		{F7A5913A-8330-454C-B568-A763DF751B0F}.Release|Any CPU.ActiveCfg = Release|Any CPU
		{F7A5913A-8330-454C-B568-A763DF751B0F}.Release|Any CPU.Build.0 = Release|Any CPU
		{EF83E582-AE99-4B09-954F-2851456F0B36}.Debug|Any CPU.ActiveCfg = Debug|Any CPU
		{EF83E582-AE99-4B09-954F-2851456F0B36}.Debug|Any CPU.Build.0 = Debug|Any CPU
		{EF83E582-AE99-4B09-954F-2851456F0B36}.Release|Any CPU.ActiveCfg = Release|Any CPU
		{EF83E582-AE99-4B09-954F-2851456F0B36}.Release|Any CPU.Build.0 = Release|Any CPU
		{08CCFC69-E8A6-42FA-9AD3-3A7B94380EFE}.Debug|Any CPU.ActiveCfg = Debug|Any CPU
		{08CCFC69-E8A6-42FA-9AD3-3A7B94380EFE}.Debug|Any CPU.Build.0 = Debug|Any CPU
		{08CCFC69-E8A6-42FA-9AD3-3A7B94380EFE}.Release|Any CPU.ActiveCfg = Release|Any CPU
		{08CCFC69-E8A6-42FA-9AD3-3A7B94380EFE}.Release|Any CPU.Build.0 = Release|Any CPU
		{3450476F-A20D-481E-B2C3-188EE9ACC9C7}.Debug|Any CPU.ActiveCfg = Debug|Any CPU
		{3450476F-A20D-481E-B2C3-188EE9ACC9C7}.Debug|Any CPU.Build.0 = Debug|Any CPU
		{3450476F-A20D-481E-B2C3-188EE9ACC9C7}.Release|Any CPU.ActiveCfg = Release|Any CPU
		{3450476F-A20D-481E-B2C3-188EE9ACC9C7}.Release|Any CPU.Build.0 = Release|Any CPU
	EndGlobalSection
	GlobalSection(SolutionProperties) = preSolution
		HideSolutionNode = FALSE
	EndGlobalSection
	GlobalSection(NestedProjects) = preSolution
		{5126AEEA-0E8E-47CB-8084-91C21F2AAF24} = {36D591C7-65C7-A0D1-1CBC-10CDE441BDC8}
		{783D8D0C-55E3-4983-A54E-75800691431D} = {DB86EBF8-E363-4D18-99B9-DA42CCFFAA07}
		{B0621235-2732-4F2D-89AC-E1D2A7A3131E} = {783D8D0C-55E3-4983-A54E-75800691431D}
		{34C10ABE-74B2-4AFB-93C4-CBF555401557} = {5126AEEA-0E8E-47CB-8084-91C21F2AAF24}
		{58D9B1F3-0E6E-4C98-99B2-46EA51B3FBBA} = {5126AEEA-0E8E-47CB-8084-91C21F2AAF24}
		{A558A739-1DCF-4C82-8C7F-B690DC1AB8EB} = {34C10ABE-74B2-4AFB-93C4-CBF555401557}
		{ADC89A90-3F81-4303-964D-3CA6D96E29A9} = {34C10ABE-74B2-4AFB-93C4-CBF555401557}
		{B17560B9-2D4F-4866-BCFA-7D08BD2DF6E4} = {34C10ABE-74B2-4AFB-93C4-CBF555401557}
		{FA21F0A8-E2E0-4085-B5A3-04322B599661} = {B0621235-2732-4F2D-89AC-E1D2A7A3131E}
		{A3A24470-6E47-46FC-8189-4512F3FE5461} = {B0621235-2732-4F2D-89AC-E1D2A7A3131E}
		{996B9B4F-A45B-4F96-A5E3-99D4876D4273} = {36D591C7-65C7-A0D1-1CBC-10CDE441BDC8}
		{33092730-0DF7-44F2-9A59-738061FEB1E2} = {DB86EBF8-E363-4D18-99B9-DA42CCFFAA07}
		{62FFB8F9-175A-4774-A046-951F7CD8032F} = {33092730-0DF7-44F2-9A59-738061FEB1E2}
		{7BEEE20B-6268-4FBA-A7B2-1FFF07E5087F} = {996B9B4F-A45B-4F96-A5E3-99D4876D4273}
		{407FAE05-F70A-4721-8755-A678B87B3459} = {996B9B4F-A45B-4F96-A5E3-99D4876D4273}
		{9CDEB5E7-65E3-495D-BAF3-11CBBB7130F6} = {62FFB8F9-175A-4774-A046-951F7CD8032F}
		{A1D56613-825B-4721-A5C0-30A15CF6C0B1} = {7BEEE20B-6268-4FBA-A7B2-1FFF07E5087F}
		{A78C9386-6DFA-4162-AA47-96F5ED6C973B} = {7BEEE20B-6268-4FBA-A7B2-1FFF07E5087F}
		{77F39696-36EE-4A29-9611-4809BE7E2122} = {7BEEE20B-6268-4FBA-A7B2-1FFF07E5087F}
		{3C5C0B4F-69A1-4798-B957-B473EE912566} = {7BEEE20B-6268-4FBA-A7B2-1FFF07E5087F}
		{78E643BE-41CE-4132-AFDD-3AE8FD33AE88} = {36D591C7-65C7-A0D1-1CBC-10CDE441BDC8}
		{FCB7D652-3B1C-43CD-9BBC-44C88B3B232B} = {DB86EBF8-E363-4D18-99B9-DA42CCFFAA07}
		{E96B80BF-4AD2-41E3-B768-0C075FC9AE41} = {78E643BE-41CE-4132-AFDD-3AE8FD33AE88}
		{F6EF8619-C793-4503-B8E3-9D492D4F7724} = {FCB7D652-3B1C-43CD-9BBC-44C88B3B232B}
		{643F8628-C07E-4ECA-9A1C-010B89CE4115} = {78E643BE-41CE-4132-AFDD-3AE8FD33AE88}
		{E935E30D-4050-458B-9113-A300D3A6EA3A} = {E96B80BF-4AD2-41E3-B768-0C075FC9AE41}
		{BD675D20-CA75-2831-6028-A966E5B77E72} = {62FFB8F9-175A-4774-A046-951F7CD8032F}
		{93B4C0CC-7326-45C8-B72B-A25C55039B99} = {E96B80BF-4AD2-41E3-B768-0C075FC9AE41}
		{F5897AFE-5A5F-4BCD-9DC9-231C31515DEA} = {E96B80BF-4AD2-41E3-B768-0C075FC9AE41}
		{7A5DF5FF-EE71-433D-A4D6-68DF62793292} = {E96B80BF-4AD2-41E3-B768-0C075FC9AE41}
		{E60AAED8-E6AD-4CC8-A836-E61F366AC8BC} = {F6EF8619-C793-4503-B8E3-9D492D4F7724}
		{895A9A07-8835-472C-88D1-7DF18E7AEA5A} = {F6EF8619-C793-4503-B8E3-9D492D4F7724}
		{FDB9DEA3-3A60-4937-8962-C33B0259C44D} = {36D591C7-65C7-A0D1-1CBC-10CDE441BDC8}
		{D6743101-DE6A-419F-9E3D-66D8647720C7} = {DB86EBF8-E363-4D18-99B9-DA42CCFFAA07}
		{7C20D613-40F0-4DC3-9B0B-ECB0B3951358} = {FDB9DEA3-3A60-4937-8962-C33B0259C44D}
		{2129C934-3C92-4277-B6EF-3861854D5796} = {D6743101-DE6A-419F-9E3D-66D8647720C7}
		{2CD160C7-A800-409E-B849-E73C18E85298} = {FDB9DEA3-3A60-4937-8962-C33B0259C44D}
		{946F4FFA-5D26-4B77-B1E0-B7CC664C5E47} = {7C20D613-40F0-4DC3-9B0B-ECB0B3951358}
		{60486469-A0BC-40C7-8039-69F0EB94FE4F} = {7C20D613-40F0-4DC3-9B0B-ECB0B3951358}
		{039EABF3-3ECA-45F8-8E5D-74880B59FE8B} = {7C20D613-40F0-4DC3-9B0B-ECB0B3951358}
		{478FCB5D-D047-442C-AF28-FB2FAE81931D} = {7C20D613-40F0-4DC3-9B0B-ECB0B3951358}
		{13B01CF1-F87C-40CD-BB39-F5938757CD23} = {2129C934-3C92-4277-B6EF-3861854D5796}
		{8BB9F0B5-0C98-452D-8E02-6DA2FCED535F} = {2129C934-3C92-4277-B6EF-3861854D5796}
		{3A2F3311-9212-470B-A76F-80B227EBA594} = {5135C861-E778-4E81-A0EE-34A8E6171FDD}
		{6D89884E-26AB-4EC1-A3F6-1C8E6F39AB1B} = {5135C861-E778-4E81-A0EE-34A8E6171FDD}
		{74D37CE1-837C-4F5B-AA5A-1915AFD13E8A} = {3A2F3311-9212-470B-A76F-80B227EBA594}
		{1497404F-CB22-4BC3-BB50-EFEA4C6F25D8} = {3A2F3311-9212-470B-A76F-80B227EBA594}
		{5CDCB948-9B11-45CA-A406-F4789E35E59E} = {3A2F3311-9212-470B-A76F-80B227EBA594}
		{62CBE718-2E63-4548-BC59-077E5B6B574E} = {3A2F3311-9212-470B-A76F-80B227EBA594}
		{C38E69EA-A0BA-4AB4-BA8C-849C53E46F42} = {6D89884E-26AB-4EC1-A3F6-1C8E6F39AB1B}
		{73092067-B525-4413-8E9E-C5C8DA6EED91} = {6D89884E-26AB-4EC1-A3F6-1C8E6F39AB1B}
		{BC20ACA4-CCDC-44EA-A6D5-700914503953} = {6D89884E-26AB-4EC1-A3F6-1C8E6F39AB1B}
		{A8D05B18-0239-4ACF-B485-37AF485DB7CB} = {6D89884E-26AB-4EC1-A3F6-1C8E6F39AB1B}
		{2F773946-9D7C-4CA8-BAB3-F037C0E24B16} = {73092067-B525-4413-8E9E-C5C8DA6EED91}
		{60993546-A978-4758-8784-F6DFAF658B4A} = {74D37CE1-837C-4F5B-AA5A-1915AFD13E8A}
		{EC0CA9B1-F20F-4544-8124-A4FE536BF507} = {C38E69EA-A0BA-4AB4-BA8C-849C53E46F42}
		{EC939605-1EFD-43BB-AFB3-65C5110C029C} = {1497404F-CB22-4BC3-BB50-EFEA4C6F25D8}
		{8E27048B-57B8-4254-BCE1-813199006BFF} = {5CDCB948-9B11-45CA-A406-F4789E35E59E}
		{DF15538A-0ECF-4E77-9082-4E554ECAD9B9} = {62CBE718-2E63-4548-BC59-077E5B6B574E}
		{1B7128E7-C4CB-4375-A00B-A0481CC0192B} = {BC20ACA4-CCDC-44EA-A6D5-700914503953}
		{7260F56E-A210-47BB-A322-79D6E7D1FBE9} = {A8D05B18-0239-4ACF-B485-37AF485DB7CB}
		{2A0AD83F-3BFE-4391-9AEE-DBE45E06B3DF} = {62CBE718-2E63-4548-BC59-077E5B6B574E}
		{32CD7E41-8E24-43D7-9672-905A075F0ADF} = {74D37CE1-837C-4F5B-AA5A-1915AFD13E8A}
		{B7322EBA-ADC9-4F08-BDE8-C314C2B6FAC0} = {1497404F-CB22-4BC3-BB50-EFEA4C6F25D8}
		{0F4A9547-B973-49C9-88FD-304CB01A07E8} = {5CDCB948-9B11-45CA-A406-F4789E35E59E}
		{4F3071AC-66F2-4F3C-83CE-0BF650EA401C} = {60993546-A978-4758-8784-F6DFAF658B4A}
		{03E0BD86-BB06-4B16-BA55-8958175B67A5} = {60993546-A978-4758-8784-F6DFAF658B4A}
		{4BA42E6E-25A5-437C-96FB-D2339D4A85EE} = {EC939605-1EFD-43BB-AFB3-65C5110C029C}
		{945CE859-B85B-4056-83A1-A1FF8E8E738D} = {60993546-A978-4758-8784-F6DFAF658B4A}
		{49C64944-7876-4D5E-8937-B658EAC9B0C8} = {EC939605-1EFD-43BB-AFB3-65C5110C029C}
		{C49459EA-9FD6-4BE2-923A-DEA771195549} = {EC939605-1EFD-43BB-AFB3-65C5110C029C}
		{D0886927-0F72-4B37-BFDA-9E4428D42F34} = {EC939605-1EFD-43BB-AFB3-65C5110C029C}
		{56B117ED-6901-4F4F-82F1-C18E144932E4} = {DF15538A-0ECF-4E77-9082-4E554ECAD9B9}
		{BF9DEA8B-DFDD-45C8-AB67-C3FDAD542341} = {DF15538A-0ECF-4E77-9082-4E554ECAD9B9}
		{41AA0F30-4F54-4EC7-B800-1CB3972E7369} = {DF15538A-0ECF-4E77-9082-4E554ECAD9B9}
		{FE9A07A7-0C90-453F-92C0-5D154931AEF1} = {2F773946-9D7C-4CA8-BAB3-F037C0E24B16}
		{6713F6FB-45A6-4BD0-A4D5-BF3F9AEF229E} = {EC0CA9B1-F20F-4544-8124-A4FE536BF507}
		{FCC1B8AB-3AA6-433D-99EA-73170E565223} = {EC0CA9B1-F20F-4544-8124-A4FE536BF507}
		{09CF455C-F49F-4545-AEE0-B759E5C32120} = {7260F56E-A210-47BB-A322-79D6E7D1FBE9}
		{88BB482A-9A1A-42AE-844B-5B4AF1D312D5} = {7260F56E-A210-47BB-A322-79D6E7D1FBE9}
		{80870005-20D6-4E32-AE93-643C719AE9B7} = {8E27048B-57B8-4254-BCE1-813199006BFF}
		{F7A5913A-8330-454C-B568-A763DF751B0F} = {8E27048B-57B8-4254-BCE1-813199006BFF}
		{EF83E582-AE99-4B09-954F-2851456F0B36} = {8E27048B-57B8-4254-BCE1-813199006BFF}
		{08CCFC69-E8A6-42FA-9AD3-3A7B94380EFE} = {1B7128E7-C4CB-4375-A00B-A0481CC0192B}
		{3450476F-A20D-481E-B2C3-188EE9ACC9C7} = {1B7128E7-C4CB-4375-A00B-A0481CC0192B}
	EndGlobalSection
	GlobalSection(ExtensibilityGlobals) = postSolution
		SolutionGuid = {FF584F4A-4745-4876-A5B1-C7A9935F5E75}
	EndGlobalSection
EndGlobal
