
Microsoft Visual Studio Solution File, Format Version 12.00
# Visual Studio Version 17
VisualStudioVersion = 17.14.36212.18
MinimumVisualStudioVersion = 10.0.40219.1
Project("{2150E333-8FDC-42A3-9474-1A3956D46DE8}") = "src", "src", "{36D591C7-65C7-A0D1-1CBC-10CDE441BDC8}"
EndProject
Project("{2150E333-8FDC-42A3-9474-1A3956D46DE8}") = "tests", "tests", "{DB86EBF8-E363-4D18-99B9-DA42CCFFAA07}"
EndProject
Project("{2150E333-8FDC-42A3-9474-1A3956D46DE8}") = "CSharpTransactionScript", "CSharpTransactionScript", "{5126AEEA-0E8E-47CB-8084-91C21F2AAF24}"
	ProjectSection(SolutionItems) = preProject
		src\CSharpTransactionScript\README.md = src\CSharpTransactionScript\README.md
	EndProjectSection
EndProject
Project("{2150E333-8FDC-42A3-9474-1A3956D46DE8}") = "CSharpTransactionScript", "CSharpTransactionScript", "{783D8D0C-55E3-4983-A54E-75800691431D}"
EndProject
Project("{2150E333-8FDC-42A3-9474-1A3956D46DE8}") = "Inventory", "Inventory", "{B0621235-2732-4F2D-89AC-E1D2A7A3131E}"
EndProject
Project("{2150E333-8FDC-42A3-9474-1A3956D46DE8}") = "Inventory", "Inventory", "{34C10ABE-74B2-4AFB-93C4-CBF555401557}"
	ProjectSection(SolutionItems) = preProject
		src\CSharpTransactionScript\Inventory\README.md = src\CSharpTransactionScript\Inventory\README.md
	EndProjectSection
EndProject
Project("{2150E333-8FDC-42A3-9474-1A3956D46DE8}") = "Элементы решения", "Элементы решения", "{754FC069-D67B-A9D7-50A1-8D1CA196D8F1}"
	ProjectSection(SolutionItems) = preProject
		README.md = README.md
	EndProjectSection
EndProject
Project("{FAE04EC0-301F-11D3-BF4B-00C04F79EFBC}") = "SampleTSConsoleApp", "src\CSharpTransactionScript\SampleTSConsoleApp\SampleTSConsoleApp.csproj", "{58D9B1F3-0E6E-4C98-99B2-46EA51B3FBBA}"
EndProject
Project("{FAE04EC0-301F-11D3-BF4B-00C04F79EFBC}") = "TransactionScript.Inventory.DataAccessLayer", "src\CSharpTransactionScript\Inventory\TransactionScript.Inventory.DataAccessLayer\TransactionScript.Inventory.DataAccessLayer.csproj", "{A558A739-1DCF-4C82-8C7F-B690DC1AB8EB}"
EndProject
Project("{FAE04EC0-301F-11D3-BF4B-00C04F79EFBC}") = "TransactionScript.Inventory.MainLogicLayer", "src\CSharpTransactionScript\Inventory\TransactionScript.Inventory.MainLogicLayer\TransactionScript.Inventory.MainLogicLayer.csproj", "{ADC89A90-3F81-4303-964D-3CA6D96E29A9}"
EndProject
Project("{FAE04EC0-301F-11D3-BF4B-00C04F79EFBC}") = "TransactionScript.Inventory.PresentationLayer", "src\CSharpTransactionScript\Inventory\TransactionScript.Inventory.PresentationLayer\TransactionScript.Inventory.PresentationLayer.csproj", "{B17560B9-2D4F-4866-BCFA-7D08BD2DF6E4}"
EndProject
Project("{FAE04EC0-301F-11D3-BF4B-00C04F79EFBC}") = "TransactionScript.Inventory.MainLogicLayer.Tests.Unit", "tests\CSharpTransactionScript\Inventory\TransactionScript.Inventory.MainLogicLayer.Tests.Unit\TransactionScript.Inventory.MainLogicLayer.Tests.Unit.csproj", "{FA21F0A8-E2E0-4085-B5A3-04322B599661}"
EndProject
Project("{FAE04EC0-301F-11D3-BF4B-00C04F79EFBC}") = "TransactionScript.Inventory.PresentationLayer.Tests.Story", "tests\CSharpTransactionScript\Inventory\TransactionScript.Inventory.PresentationLayer.Tests.Story\TransactionScript.Inventory.PresentationLayer.Tests.Story.csproj", "{A3A24470-6E47-46FC-8189-4512F3FE5461}"
EndProject
Project("{2150E333-8FDC-42A3-9474-1A3956D46DE8}") = "CSharpActiveRecord", "CSharpActiveRecord", "{996B9B4F-A45B-4F96-A5E3-99D4876D4273}"
	ProjectSection(SolutionItems) = preProject
		src\CSharpActiveRecord\README.md = src\CSharpActiveRecord\README.md
	EndProjectSection
EndProject
Project("{2150E333-8FDC-42A3-9474-1A3956D46DE8}") = "CSharpActiveRecord", "CSharpActiveRecord", "{33092730-0DF7-44F2-9A59-738061FEB1E2}"
EndProject
Project("{2150E333-8FDC-42A3-9474-1A3956D46DE8}") = "Inventory", "Inventory", "{62FFB8F9-175A-4774-A046-951F7CD8032F}"
EndProject
Project("{2150E333-8FDC-42A3-9474-1A3956D46DE8}") = "Inventory", "Inventory", "{7BEEE20B-6268-4FBA-A7B2-1FFF07E5087F}"
	ProjectSection(SolutionItems) = preProject
		src\CSharpActiveRecord\Inventory\README.md = src\CSharpActiveRecord\Inventory\README.md
	EndProjectSection
EndProject
Project("{FAE04EC0-301F-11D3-BF4B-00C04F79EFBC}") = "SampleARConsoleApp", "src\CSharpActiveRecord\SampleARConsoleApp\SampleARConsoleApp.csproj", "{407FAE05-F70A-4721-8755-A678B87B3459}"
EndProject
Project("{FAE04EC0-301F-11D3-BF4B-00C04F79EFBC}") = "ActiveRecord.Inventory.PresentationLayer.Tests.Story", "tests\CSharpActiveRecord\Inventory\ActiveRecord.Inventory.PresentationLayer.Tests.Story\ActiveRecord.Inventory.PresentationLayer.Tests.Story.csproj", "{9CDEB5E7-65E3-495D-BAF3-11CBBB7130F6}"
EndProject
Project("{FAE04EC0-301F-11D3-BF4B-00C04F79EFBC}") = "ActiveRecord.Inventory.PresentationLayer", "src\CSharpActiveRecord\Inventory\ActiveRecord.Inventory.PresentationLayer\ActiveRecord.Inventory.PresentationLayer.csproj", "{A1D56613-825B-4721-A5C0-30A15CF6C0B1}"
EndProject
Project("{FAE04EC0-301F-11D3-BF4B-00C04F79EFBC}") = "ActiveRecord.Inventory.DataAccessLayer", "src\CSharpActiveRecord\Inventory\ActiveRecord.Inventory.DataAccessLayer\ActiveRecord.Inventory.DataAccessLayer.csproj", "{A78C9386-6DFA-4162-AA47-96F5ED6C973B}"
EndProject
Project("{FAE04EC0-301F-11D3-BF4B-00C04F79EFBC}") = "ActiveRecord.Inventory.MainLogicLayer", "src\CSharpActiveRecord\Inventory\ActiveRecord.Inventory.MainLogicLayer\ActiveRecord.Inventory.MainLogicLayer.csproj", "{77F39696-36EE-4A29-9611-4809BE7E2122}"
EndProject
Project("{FAE04EC0-301F-11D3-BF4B-00C04F79EFBC}") = "ActiveRecord.Inventory.ServicesLayer", "src\CSharpActiveRecord\Inventory\ActiveRecord.Inventory.ServicesLayer\ActiveRecord.Inventory.ServicesLayer.csproj", "{3C5C0B4F-69A1-4798-B957-B473EE912566}"
EndProject
Project("{2150E333-8FDC-42A3-9474-1A3956D46DE8}") = "CSharpDomainModel", "CSharpDomainModel", "{78E643BE-41CE-4132-AFDD-3AE8FD33AE88}"
	ProjectSection(SolutionItems) = preProject
		src\CSharpDomainModel\README.md = src\CSharpDomainModel\README.md
	EndProjectSection
EndProject
Project("{2150E333-8FDC-42A3-9474-1A3956D46DE8}") = "CSharpDomainModel", "CSharpDomainModel", "{FCB7D652-3B1C-43CD-9BBC-44C88B3B232B}"
EndProject
Project("{2150E333-8FDC-42A3-9474-1A3956D46DE8}") = "Inventory", "Inventory", "{E96B80BF-4AD2-41E3-B768-0C075FC9AE41}"
	ProjectSection(SolutionItems) = preProject
		src\CSharpDomainModel\Inventory\README.md = src\CSharpDomainModel\Inventory\README.md
	EndProjectSection
EndProject
Project("{2150E333-8FDC-42A3-9474-1A3956D46DE8}") = "Inventory", "Inventory", "{F6EF8619-C793-4503-B8E3-9D492D4F7724}"
EndProject
Project("{FAE04EC0-301F-11D3-BF4B-00C04F79EFBC}") = "SampleDMConsoleApp", "src\CSharpDomainModel\SampleDMConsoleApp\SampleDMConsoleApp.csproj", "{643F8628-C07E-4ECA-9A1C-010B89CE4115}"
EndProject
Project("{FAE04EC0-301F-11D3-BF4B-00C04F79EFBC}") = "DomainModel.Inventory.Domain", "src\CSharpDomainModel\Inventory\DomainModel.Inventory.Domain\DomainModel.Inventory.Domain.csproj", "{E935E30D-4050-458B-9113-A300D3A6EA3A}"
EndProject
Project("{FAE04EC0-301F-11D3-BF4B-00C04F79EFBC}") = "ActiveRecord.Inventory.ServicesLayer.Tests.Integration", "tests\CSharpActiveRecord\Inventory\ActiveRecord.Inventory.ServicesLayer.Tests.Integration\ActiveRecord.Inventory.ServicesLayer.Tests.Integration.csproj", "{BD675D20-CA75-2831-6028-A966E5B77E72}"
EndProject
Project("{FAE04EC0-301F-11D3-BF4B-00C04F79EFBC}") = "DomainModel.Inventory.Contracts", "src\CSharpDomainModel\Inventory\DomainModel.Inventory.Contracts\DomainModel.Inventory.Contracts.csproj", "{93B4C0CC-7326-45C8-B72B-A25C55039B99}"
EndProject
Project("{FAE04EC0-301F-11D3-BF4B-00C04F79EFBC}") = "DomainModel.Inventory.Application", "src\CSharpDomainModel\Inventory\DomainModel.Inventory.Application\DomainModel.Inventory.Application.csproj", "{F5897AFE-5A5F-4BCD-9DC9-231C31515DEA}"
EndProject
Project("{FAE04EC0-301F-11D3-BF4B-00C04F79EFBC}") = "DomainModel.Inventory.Infra", "src\CSharpDomainModel\Inventory\DomainModel.Inventory.Infra\DomainModel.Inventory.Infra.csproj", "{7A5DF5FF-EE71-433D-A4D6-68DF62793292}"
EndProject
Project("{FAE04EC0-301F-11D3-BF4B-00C04F79EFBC}") = "DomainModel.Inventory.Domain.Tests.Unit", "tests\CSharpDomainModel\Inventory\DomainModel.Inventory.Domain.Tests.Unit\DomainModel.Inventory.Domain.Tests.Unit.csproj", "{E60AAED8-E6AD-4CC8-A836-E61F366AC8BC}"
EndProject
Project("{FAE04EC0-301F-11D3-BF4B-00C04F79EFBC}") = "DomainModel.Inventory.Application.Tests.Story", "tests\CSharpDomainModel\Inventory\DomainModel.Inventory.Application.Tests.Story\DomainModel.Inventory.Application.Tests.Story.csproj", "{895A9A07-8835-472C-88D1-7DF18E7AEA5A}"
EndProject
Project("{2150E333-8FDC-42A3-9474-1A3956D46DE8}") = "CSharpEventSource", "CSharpEventSource", "{FDB9DEA3-3A60-4937-8962-C33B0259C44D}"
	ProjectSection(SolutionItems) = preProject
		src\CSharpEventSource\README.md = src\CSharpEventSource\README.md
	EndProjectSection
EndProject
Project("{2150E333-8FDC-42A3-9474-1A3956D46DE8}") = "CSharpEventSource", "CSharpEventSource", "{D6743101-DE6A-419F-9E3D-66D8647720C7}"
EndProject
Project("{2150E333-8FDC-42A3-9474-1A3956D46DE8}") = "Inventory", "Inventory", "{7C20D613-40F0-4DC3-9B0B-ECB0B3951358}"
	ProjectSection(SolutionItems) = preProject
		src\CSharpEventSource\Inventory\README.md = src\CSharpEventSource\Inventory\README.md
	EndProjectSection
EndProject
Project("{2150E333-8FDC-42A3-9474-1A3956D46DE8}") = "Inventory", "Inventory", "{2129C934-3C92-4277-B6EF-3861854D5796}"
EndProject
Project("{FAE04EC0-301F-11D3-BF4B-00C04F79EFBC}") = "SampleESConsoleApp", "src\CSharpEventSource\SampleESConsoleApp\SampleESConsoleApp.csproj", "{2CD160C7-A800-409E-B849-E73C18E85298}"
EndProject
Project("{FAE04EC0-301F-11D3-BF4B-00C04F79EFBC}") = "EventSource.Inventory.Contracts", "src\CSharpEventSource\Inventory\EventSource.Inventory.Contracts\EventSource.Inventory.Contracts.csproj", "{946F4FFA-5D26-4B77-B1E0-B7CC664C5E47}"
EndProject
Project("{FAE04EC0-301F-11D3-BF4B-00C04F79EFBC}") = "EventSource.Inventory.Domain", "src\CSharpEventSource\Inventory\EventSource.Inventory.Domain\EventSource.Inventory.Domain.csproj", "{60486469-A0BC-40C7-8039-69F0EB94FE4F}"
EndProject
Project("{FAE04EC0-301F-11D3-BF4B-00C04F79EFBC}") = "EventSource.Inventory.Application", "src\CSharpEventSource\Inventory\EventSource.Inventory.Application\EventSource.Inventory.Application.csproj", "{039EABF3-3ECA-45F8-8E5D-74880B59FE8B}"
EndProject
Project("{FAE04EC0-301F-11D3-BF4B-00C04F79EFBC}") = "EventSource.Inventory.Infra", "src\CSharpEventSource\Inventory\EventSource.Inventory.Infra\EventSource.Inventory.Infra.csproj", "{478FCB5D-D047-442C-AF28-FB2FAE81931D}"
EndProject
Project("{FAE04EC0-301F-11D3-BF4B-00C04F79EFBC}") = "EventSource.Inventory.Domain.Tests.Unit", "tests\CSharpEventSource\Inventory\EventSource.Inventory.Domain.Tests.Unit\EventSource.Inventory.Domain.Tests.Unit.csproj", "{13B01CF1-F87C-40CD-BB39-F5938757CD23}"
EndProject
Project("{FAE04EC0-301F-11D3-BF4B-00C04F79EFBC}") = "EventSource.Inventory.Application.Tests.Story", "tests\CSharpEventSource\Inventory\EventSource.Inventory.Application.Tests.Story\EventSource.Inventory.Application.Tests.Story.csproj", "{8BB9F0B5-0C98-452D-8E02-6DA2FCED535F}"
EndProject
Project("{2150E333-8FDC-42A3-9474-1A3956D46DE8}") = "CSharpEasy", "CSharpEasy", "{125E2E82-9FF0-4A32-8755-D3529AFD3958}"
EndProject
Project("{2150E333-8FDC-42A3-9474-1A3956D46DE8}") = "src", "src", "{DD215A56-B5B3-4438-A19B-0628B62E14DB}"
EndProject
Project("{2150E333-8FDC-42A3-9474-1A3956D46DE8}") = "test", "test", "{C7F23D71-19EF-49AF-81F5-21EB906DC48B}"
EndProject
Project("{2150E333-8FDC-42A3-9474-1A3956D46DE8}") = "TransactionScript3Layers", "TransactionScript3Layers", "{34F52F57-561C-4C80-BEFB-260B28CA8164}"
	ProjectSection(SolutionItems) = preProject
		CSharpEasy\src\TransactionScript3Layers\README.md = CSharpEasy\src\TransactionScript3Layers\README.md
	EndProjectSection
EndProject
Project("{2150E333-8FDC-42A3-9474-1A3956D46DE8}") = "TransactionScript3Layers", "TransactionScript3Layers", "{92A85060-A12B-4EDD-B87F-B865499E47E1}"
EndProject
Project("{2150E333-8FDC-42A3-9474-1A3956D46DE8}") = "Inventory", "Inventory", "{F29E5652-9958-4604-A837-B28A6A8C647C}"
EndProject
Project("{2150E333-8FDC-42A3-9474-1A3956D46DE8}") = "Inventory", "Inventory", "{E2C9C8FB-171B-4C65-97DD-6AFB155A5C19}"
	ProjectSection(SolutionItems) = preProject
		CSharpEasy\src\TransactionScript3Layers\Inventory\README.md = CSharpEasy\src\TransactionScript3Layers\Inventory\README.md
	EndProjectSection
EndProject
Project("{FAE04EC0-301F-11D3-BF4B-00C04F79EFBC}") = "TS3LConsoleApp", "CSharpEasy\src\TransactionScript3Layers\TS3LConsoleApp\TS3LConsoleApp.csproj", "{A249BBF0-04D7-4544-B572-B31B73103E93}"
EndProject
Project("{FAE04EC0-301F-11D3-BF4B-00C04F79EFBC}") = "TransactionScript3Layers.Inventory.Presentation", "CSharpEasy\src\TransactionScript3Layers\Inventory\TransactionScript3Layers.Inventory.Presentation\TransactionScript3Layers.Inventory.Presentation.csproj", "{F63D1A5C-2B83-41D0-AD78-75470FA2B01F}"
EndProject
Project("{FAE04EC0-301F-11D3-BF4B-00C04F79EFBC}") = "TransactionScript3Layers.Inventory.Core", "CSharpEasy\src\TransactionScript3Layers\Inventory\TransactionScript3Layers.Inventory.Core\TransactionScript3Layers.Inventory.Core.csproj", "{11646221-19E5-4F9B-AA34-165FC77C7047}"
EndProject
Project("{FAE04EC0-301F-11D3-BF4B-00C04F79EFBC}") = "TransactionScript3Layers.Inventory.Infra", "CSharpEasy\src\TransactionScript3Layers\Inventory\TransactionScript3Layers.Inventory.Infra\TransactionScript3Layers.Inventory.Infra.csproj", "{10892069-DDCC-482A-B43A-012DC70E7970}"
EndProject
Project("{2150E333-8FDC-42A3-9474-1A3956D46DE8}") = "ActiveRecord4Layers", "ActiveRecord4Layers", "{C19346AB-20C4-4404-ADAA-468D36C71F80}"
EndProject
Project("{2150E333-8FDC-42A3-9474-1A3956D46DE8}") = "DomainModelHexagonal", "DomainModelHexagonal", "{F37883C1-9209-4057-B66E-3A596433C06A}"
EndProject
Project("{2150E333-8FDC-42A3-9474-1A3956D46DE8}") = "EventSourcingCQRS", "EventSourcingCQRS", "{67629B1A-A89F-4F19-967A-19FED544E1C4}"
EndProject
Project("{2150E333-8FDC-42A3-9474-1A3956D46DE8}") = "ActiveRecord4Layers", "ActiveRecord4Layers", "{D6FDBEE1-BD00-44CE-B527-5497883E75B9}"
EndProject
Project("{2150E333-8FDC-42A3-9474-1A3956D46DE8}") = "DomainModelHexagonal", "DomainModelHexagonal", "{ADC5D411-4717-43DF-A16F-8A2ED3540DE3}"
EndProject
Project("{2150E333-8FDC-42A3-9474-1A3956D46DE8}") = "EventSourcingCQRS", "EventSourcingCQRS", "{017BE917-C3A2-477E-9E0E-C0333EE5A817}"
EndProject
Project("{2150E333-8FDC-42A3-9474-1A3956D46DE8}") = "Inventory", "Inventory", "{C55740C3-678A-4E24-8F74-B6C1B82557F2}"
EndProject
Project("{2150E333-8FDC-42A3-9474-1A3956D46DE8}") = "Inventory", "Inventory", "{8691C1D4-5D5D-40A9-88CE-CD52DB338FDE}"
EndProject
Project("{2150E333-8FDC-42A3-9474-1A3956D46DE8}") = "Inventory", "Inventory", "{B5E5DFD5-AE27-4A5C-A470-7032175C02B3}"
EndProject
Project("{2150E333-8FDC-42A3-9474-1A3956D46DE8}") = "Inventory", "Inventory", "{BE6FDCDF-AD17-4A9B-B451-BBC46F96F4B8}"
EndProject
Project("{2150E333-8FDC-42A3-9474-1A3956D46DE8}") = "Inventory", "Inventory", "{86728379-B848-4123-BD21-9DA47634B44C}"
EndProject
Project("{2150E333-8FDC-42A3-9474-1A3956D46DE8}") = "Inventory", "Inventory", "{45883778-F498-4210-B9AF-F500F4B8E427}"
EndProject
Global
	GlobalSection(SolutionConfigurationPlatforms) = preSolution
		Debug|Any CPU = Debug|Any CPU
		Release|Any CPU = Release|Any CPU
	EndGlobalSection
	GlobalSection(ProjectConfigurationPlatforms) = postSolution
		{58D9B1F3-0E6E-4C98-99B2-46EA51B3FBBA}.Debug|Any CPU.ActiveCfg = Debug|Any CPU
		{58D9B1F3-0E6E-4C98-99B2-46EA51B3FBBA}.Debug|Any CPU.Build.0 = Debug|Any CPU
		{58D9B1F3-0E6E-4C98-99B2-46EA51B3FBBA}.Release|Any CPU.ActiveCfg = Release|Any CPU
		{58D9B1F3-0E6E-4C98-99B2-46EA51B3FBBA}.Release|Any CPU.Build.0 = Release|Any CPU
		{A558A739-1DCF-4C82-8C7F-B690DC1AB8EB}.Debug|Any CPU.ActiveCfg = Debug|Any CPU
		{A558A739-1DCF-4C82-8C7F-B690DC1AB8EB}.Debug|Any CPU.Build.0 = Debug|Any CPU
		{A558A739-1DCF-4C82-8C7F-B690DC1AB8EB}.Release|Any CPU.ActiveCfg = Release|Any CPU
		{A558A739-1DCF-4C82-8C7F-B690DC1AB8EB}.Release|Any CPU.Build.0 = Release|Any CPU
		{ADC89A90-3F81-4303-964D-3CA6D96E29A9}.Debug|Any CPU.ActiveCfg = Debug|Any CPU
		{ADC89A90-3F81-4303-964D-3CA6D96E29A9}.Debug|Any CPU.Build.0 = Debug|Any CPU
		{ADC89A90-3F81-4303-964D-3CA6D96E29A9}.Release|Any CPU.ActiveCfg = Release|Any CPU
		{ADC89A90-3F81-4303-964D-3CA6D96E29A9}.Release|Any CPU.Build.0 = Release|Any CPU
		{B17560B9-2D4F-4866-BCFA-7D08BD2DF6E4}.Debug|Any CPU.ActiveCfg = Debug|Any CPU
		{B17560B9-2D4F-4866-BCFA-7D08BD2DF6E4}.Debug|Any CPU.Build.0 = Debug|Any CPU
		{B17560B9-2D4F-4866-BCFA-7D08BD2DF6E4}.Release|Any CPU.ActiveCfg = Release|Any CPU
		{B17560B9-2D4F-4866-BCFA-7D08BD2DF6E4}.Release|Any CPU.Build.0 = Release|Any CPU
		{FA21F0A8-E2E0-4085-B5A3-04322B599661}.Debug|Any CPU.ActiveCfg = Debug|Any CPU
		{FA21F0A8-E2E0-4085-B5A3-04322B599661}.Debug|Any CPU.Build.0 = Debug|Any CPU
		{FA21F0A8-E2E0-4085-B5A3-04322B599661}.Release|Any CPU.ActiveCfg = Release|Any CPU
		{FA21F0A8-E2E0-4085-B5A3-04322B599661}.Release|Any CPU.Build.0 = Release|Any CPU
		{A3A24470-6E47-46FC-8189-4512F3FE5461}.Debug|Any CPU.ActiveCfg = Debug|Any CPU
		{A3A24470-6E47-46FC-8189-4512F3FE5461}.Debug|Any CPU.Build.0 = Debug|Any CPU
		{A3A24470-6E47-46FC-8189-4512F3FE5461}.Release|Any CPU.ActiveCfg = Release|Any CPU
		{A3A24470-6E47-46FC-8189-4512F3FE5461}.Release|Any CPU.Build.0 = Release|Any CPU
		{407FAE05-F70A-4721-8755-A678B87B3459}.Debug|Any CPU.ActiveCfg = Debug|Any CPU
		{407FAE05-F70A-4721-8755-A678B87B3459}.Debug|Any CPU.Build.0 = Debug|Any CPU
		{407FAE05-F70A-4721-8755-A678B87B3459}.Release|Any CPU.ActiveCfg = Release|Any CPU
		{407FAE05-F70A-4721-8755-A678B87B3459}.Release|Any CPU.Build.0 = Release|Any CPU
		{9CDEB5E7-65E3-495D-BAF3-11CBBB7130F6}.Debug|Any CPU.ActiveCfg = Debug|Any CPU
		{9CDEB5E7-65E3-495D-BAF3-11CBBB7130F6}.Debug|Any CPU.Build.0 = Debug|Any CPU
		{9CDEB5E7-65E3-495D-BAF3-11CBBB7130F6}.Release|Any CPU.ActiveCfg = Release|Any CPU
		{9CDEB5E7-65E3-495D-BAF3-11CBBB7130F6}.Release|Any CPU.Build.0 = Release|Any CPU
		{A1D56613-825B-4721-A5C0-30A15CF6C0B1}.Debug|Any CPU.ActiveCfg = Debug|Any CPU
		{A1D56613-825B-4721-A5C0-30A15CF6C0B1}.Debug|Any CPU.Build.0 = Debug|Any CPU
		{A1D56613-825B-4721-A5C0-30A15CF6C0B1}.Release|Any CPU.ActiveCfg = Release|Any CPU
		{A1D56613-825B-4721-A5C0-30A15CF6C0B1}.Release|Any CPU.Build.0 = Release|Any CPU
		{A78C9386-6DFA-4162-AA47-96F5ED6C973B}.Debug|Any CPU.ActiveCfg = Debug|Any CPU
		{A78C9386-6DFA-4162-AA47-96F5ED6C973B}.Debug|Any CPU.Build.0 = Debug|Any CPU
		{A78C9386-6DFA-4162-AA47-96F5ED6C973B}.Release|Any CPU.ActiveCfg = Release|Any CPU
		{A78C9386-6DFA-4162-AA47-96F5ED6C973B}.Release|Any CPU.Build.0 = Release|Any CPU
		{77F39696-36EE-4A29-9611-4809BE7E2122}.Debug|Any CPU.ActiveCfg = Debug|Any CPU
		{77F39696-36EE-4A29-9611-4809BE7E2122}.Debug|Any CPU.Build.0 = Debug|Any CPU
		{77F39696-36EE-4A29-9611-4809BE7E2122}.Release|Any CPU.ActiveCfg = Release|Any CPU
		{77F39696-36EE-4A29-9611-4809BE7E2122}.Release|Any CPU.Build.0 = Release|Any CPU
		{3C5C0B4F-69A1-4798-B957-B473EE912566}.Debug|Any CPU.ActiveCfg = Debug|Any CPU
		{3C5C0B4F-69A1-4798-B957-B473EE912566}.Debug|Any CPU.Build.0 = Debug|Any CPU
		{3C5C0B4F-69A1-4798-B957-B473EE912566}.Release|Any CPU.ActiveCfg = Release|Any CPU
		{3C5C0B4F-69A1-4798-B957-B473EE912566}.Release|Any CPU.Build.0 = Release|Any CPU
		{643F8628-C07E-4ECA-9A1C-010B89CE4115}.Debug|Any CPU.ActiveCfg = Debug|Any CPU
		{643F8628-C07E-4ECA-9A1C-010B89CE4115}.Debug|Any CPU.Build.0 = Debug|Any CPU
		{643F8628-C07E-4ECA-9A1C-010B89CE4115}.Release|Any CPU.ActiveCfg = Release|Any CPU
		{643F8628-C07E-4ECA-9A1C-010B89CE4115}.Release|Any CPU.Build.0 = Release|Any CPU
		{E935E30D-4050-458B-9113-A300D3A6EA3A}.Debug|Any CPU.ActiveCfg = Debug|Any CPU
		{E935E30D-4050-458B-9113-A300D3A6EA3A}.Debug|Any CPU.Build.0 = Debug|Any CPU
		{E935E30D-4050-458B-9113-A300D3A6EA3A}.Release|Any CPU.ActiveCfg = Release|Any CPU
		{E935E30D-4050-458B-9113-A300D3A6EA3A}.Release|Any CPU.Build.0 = Release|Any CPU
		{BD675D20-CA75-2831-6028-A966E5B77E72}.Debug|Any CPU.ActiveCfg = Debug|Any CPU
		{BD675D20-CA75-2831-6028-A966E5B77E72}.Debug|Any CPU.Build.0 = Debug|Any CPU
		{BD675D20-CA75-2831-6028-A966E5B77E72}.Release|Any CPU.ActiveCfg = Release|Any CPU
		{BD675D20-CA75-2831-6028-A966E5B77E72}.Release|Any CPU.Build.0 = Release|Any CPU
		{93B4C0CC-7326-45C8-B72B-A25C55039B99}.Debug|Any CPU.ActiveCfg = Debug|Any CPU
		{93B4C0CC-7326-45C8-B72B-A25C55039B99}.Debug|Any CPU.Build.0 = Debug|Any CPU
		{93B4C0CC-7326-45C8-B72B-A25C55039B99}.Release|Any CPU.ActiveCfg = Release|Any CPU
		{93B4C0CC-7326-45C8-B72B-A25C55039B99}.Release|Any CPU.Build.0 = Release|Any CPU
		{F5897AFE-5A5F-4BCD-9DC9-231C31515DEA}.Debug|Any CPU.ActiveCfg = Debug|Any CPU
		{F5897AFE-5A5F-4BCD-9DC9-231C31515DEA}.Debug|Any CPU.Build.0 = Debug|Any CPU
		{F5897AFE-5A5F-4BCD-9DC9-231C31515DEA}.Release|Any CPU.ActiveCfg = Release|Any CPU
		{F5897AFE-5A5F-4BCD-9DC9-231C31515DEA}.Release|Any CPU.Build.0 = Release|Any CPU
		{7A5DF5FF-EE71-433D-A4D6-68DF62793292}.Debug|Any CPU.ActiveCfg = Debug|Any CPU
		{7A5DF5FF-EE71-433D-A4D6-68DF62793292}.Debug|Any CPU.Build.0 = Debug|Any CPU
		{7A5DF5FF-EE71-433D-A4D6-68DF62793292}.Release|Any CPU.ActiveCfg = Release|Any CPU
		{7A5DF5FF-EE71-433D-A4D6-68DF62793292}.Release|Any CPU.Build.0 = Release|Any CPU
		{E60AAED8-E6AD-4CC8-A836-E61F366AC8BC}.Debug|Any CPU.ActiveCfg = Debug|Any CPU
		{E60AAED8-E6AD-4CC8-A836-E61F366AC8BC}.Debug|Any CPU.Build.0 = Debug|Any CPU
		{E60AAED8-E6AD-4CC8-A836-E61F366AC8BC}.Release|Any CPU.ActiveCfg = Release|Any CPU
		{E60AAED8-E6AD-4CC8-A836-E61F366AC8BC}.Release|Any CPU.Build.0 = Release|Any CPU
		{895A9A07-8835-472C-88D1-7DF18E7AEA5A}.Debug|Any CPU.ActiveCfg = Debug|Any CPU
		{895A9A07-8835-472C-88D1-7DF18E7AEA5A}.Debug|Any CPU.Build.0 = Debug|Any CPU
		{895A9A07-8835-472C-88D1-7DF18E7AEA5A}.Release|Any CPU.ActiveCfg = Release|Any CPU
		{895A9A07-8835-472C-88D1-7DF18E7AEA5A}.Release|Any CPU.Build.0 = Release|Any CPU
		{2CD160C7-A800-409E-B849-E73C18E85298}.Debug|Any CPU.ActiveCfg = Debug|Any CPU
		{2CD160C7-A800-409E-B849-E73C18E85298}.Debug|Any CPU.Build.0 = Debug|Any CPU
		{2CD160C7-A800-409E-B849-E73C18E85298}.Release|Any CPU.ActiveCfg = Release|Any CPU
		{2CD160C7-A800-409E-B849-E73C18E85298}.Release|Any CPU.Build.0 = Release|Any CPU
		{946F4FFA-5D26-4B77-B1E0-B7CC664C5E47}.Debug|Any CPU.ActiveCfg = Debug|Any CPU
		{946F4FFA-5D26-4B77-B1E0-B7CC664C5E47}.Debug|Any CPU.Build.0 = Debug|Any CPU
		{946F4FFA-5D26-4B77-B1E0-B7CC664C5E47}.Release|Any CPU.ActiveCfg = Release|Any CPU
		{946F4FFA-5D26-4B77-B1E0-B7CC664C5E47}.Release|Any CPU.Build.0 = Release|Any CPU
		{60486469-A0BC-40C7-8039-69F0EB94FE4F}.Debug|Any CPU.ActiveCfg = Debug|Any CPU
		{60486469-A0BC-40C7-8039-69F0EB94FE4F}.Debug|Any CPU.Build.0 = Debug|Any CPU
		{60486469-A0BC-40C7-8039-69F0EB94FE4F}.Release|Any CPU.ActiveCfg = Release|Any CPU
		{60486469-A0BC-40C7-8039-69F0EB94FE4F}.Release|Any CPU.Build.0 = Release|Any CPU
		{039EABF3-3ECA-45F8-8E5D-74880B59FE8B}.Debug|Any CPU.ActiveCfg = Debug|Any CPU
		{039EABF3-3ECA-45F8-8E5D-74880B59FE8B}.Debug|Any CPU.Build.0 = Debug|Any CPU
		{039EABF3-3ECA-45F8-8E5D-74880B59FE8B}.Release|Any CPU.ActiveCfg = Release|Any CPU
		{039EABF3-3ECA-45F8-8E5D-74880B59FE8B}.Release|Any CPU.Build.0 = Release|Any CPU
		{478FCB5D-D047-442C-AF28-FB2FAE81931D}.Debug|Any CPU.ActiveCfg = Debug|Any CPU
		{478FCB5D-D047-442C-AF28-FB2FAE81931D}.Debug|Any CPU.Build.0 = Debug|Any CPU
		{478FCB5D-D047-442C-AF28-FB2FAE81931D}.Release|Any CPU.ActiveCfg = Release|Any CPU
		{478FCB5D-D047-442C-AF28-FB2FAE81931D}.Release|Any CPU.Build.0 = Release|Any CPU
		{13B01CF1-F87C-40CD-BB39-F5938757CD23}.Debug|Any CPU.ActiveCfg = Debug|Any CPU
		{13B01CF1-F87C-40CD-BB39-F5938757CD23}.Debug|Any CPU.Build.0 = Debug|Any CPU
		{13B01CF1-F87C-40CD-BB39-F5938757CD23}.Release|Any CPU.ActiveCfg = Release|Any CPU
		{13B01CF1-F87C-40CD-BB39-F5938757CD23}.Release|Any CPU.Build.0 = Release|Any CPU
		{8BB9F0B5-0C98-452D-8E02-6DA2FCED535F}.Debug|Any CPU.ActiveCfg = Debug|Any CPU
		{8BB9F0B5-0C98-452D-8E02-6DA2FCED535F}.Debug|Any CPU.Build.0 = Debug|Any CPU
		{8BB9F0B5-0C98-452D-8E02-6DA2FCED535F}.Release|Any CPU.ActiveCfg = Release|Any CPU
		{8BB9F0B5-0C98-452D-8E02-6DA2FCED535F}.Release|Any CPU.Build.0 = Release|Any CPU
		{A249BBF0-04D7-4544-B572-B31B73103E93}.Debug|Any CPU.ActiveCfg = Debug|Any CPU
		{A249BBF0-04D7-4544-B572-B31B73103E93}.Debug|Any CPU.Build.0 = Debug|Any CPU
		{A249BBF0-04D7-4544-B572-B31B73103E93}.Release|Any CPU.ActiveCfg = Release|Any CPU
		{A249BBF0-04D7-4544-B572-B31B73103E93}.Release|Any CPU.Build.0 = Release|Any CPU
		{F63D1A5C-2B83-41D0-AD78-75470FA2B01F}.Debug|Any CPU.ActiveCfg = Debug|Any CPU
		{F63D1A5C-2B83-41D0-AD78-75470FA2B01F}.Debug|Any CPU.Build.0 = Debug|Any CPU
		{F63D1A5C-2B83-41D0-AD78-75470FA2B01F}.Release|Any CPU.ActiveCfg = Release|Any CPU
		{F63D1A5C-2B83-41D0-AD78-75470FA2B01F}.Release|Any CPU.Build.0 = Release|Any CPU
		{11646221-19E5-4F9B-AA34-165FC77C7047}.Debug|Any CPU.ActiveCfg = Debug|Any CPU
		{11646221-19E5-4F9B-AA34-165FC77C7047}.Debug|Any CPU.Build.0 = Debug|Any CPU
		{11646221-19E5-4F9B-AA34-165FC77C7047}.Release|Any CPU.ActiveCfg = Release|Any CPU
		{11646221-19E5-4F9B-AA34-165FC77C7047}.Release|Any CPU.Build.0 = Release|Any CPU
		{10892069-DDCC-482A-B43A-012DC70E7970}.Debug|Any CPU.ActiveCfg = Debug|Any CPU
		{10892069-DDCC-482A-B43A-012DC70E7970}.Debug|Any CPU.Build.0 = Debug|Any CPU
		{10892069-DDCC-482A-B43A-012DC70E7970}.Release|Any CPU.ActiveCfg = Release|Any CPU
		{10892069-DDCC-482A-B43A-012DC70E7970}.Release|Any CPU.Build.0 = Release|Any CPU
	EndGlobalSection
	GlobalSection(SolutionProperties) = preSolution
		HideSolutionNode = FALSE
	EndGlobalSection
	GlobalSection(NestedProjects) = preSolution
		{5126AEEA-0E8E-47CB-8084-91C21F2AAF24} = {36D591C7-65C7-A0D1-1CBC-10CDE441BDC8}
		{783D8D0C-55E3-4983-A54E-75800691431D} = {DB86EBF8-E363-4D18-99B9-DA42CCFFAA07}
		{B0621235-2732-4F2D-89AC-E1D2A7A3131E} = {783D8D0C-55E3-4983-A54E-75800691431D}
		{34C10ABE-74B2-4AFB-93C4-CBF555401557} = {5126AEEA-0E8E-47CB-8084-91C21F2AAF24}
		{58D9B1F3-0E6E-4C98-99B2-46EA51B3FBBA} = {5126AEEA-0E8E-47CB-8084-91C21F2AAF24}
		{A558A739-1DCF-4C82-8C7F-B690DC1AB8EB} = {34C10ABE-74B2-4AFB-93C4-CBF555401557}
		{ADC89A90-3F81-4303-964D-3CA6D96E29A9} = {34C10ABE-74B2-4AFB-93C4-CBF555401557}
		{B17560B9-2D4F-4866-BCFA-7D08BD2DF6E4} = {34C10ABE-74B2-4AFB-93C4-CBF555401557}
		{FA21F0A8-E2E0-4085-B5A3-04322B599661} = {B0621235-2732-4F2D-89AC-E1D2A7A3131E}
		{A3A24470-6E47-46FC-8189-4512F3FE5461} = {B0621235-2732-4F2D-89AC-E1D2A7A3131E}
		{996B9B4F-A45B-4F96-A5E3-99D4876D4273} = {36D591C7-65C7-A0D1-1CBC-10CDE441BDC8}
		{33092730-0DF7-44F2-9A59-738061FEB1E2} = {DB86EBF8-E363-4D18-99B9-DA42CCFFAA07}
		{62FFB8F9-175A-4774-A046-951F7CD8032F} = {33092730-0DF7-44F2-9A59-738061FEB1E2}
		{7BEEE20B-6268-4FBA-A7B2-1FFF07E5087F} = {996B9B4F-A45B-4F96-A5E3-99D4876D4273}
		{407FAE05-F70A-4721-8755-A678B87B3459} = {996B9B4F-A45B-4F96-A5E3-99D4876D4273}
		{9CDEB5E7-65E3-495D-BAF3-11CBBB7130F6} = {62FFB8F9-175A-4774-A046-951F7CD8032F}
		{A1D56613-825B-4721-A5C0-30A15CF6C0B1} = {7BEEE20B-6268-4FBA-A7B2-1FFF07E5087F}
		{A78C9386-6DFA-4162-AA47-96F5ED6C973B} = {7BEEE20B-6268-4FBA-A7B2-1FFF07E5087F}
		{77F39696-36EE-4A29-9611-4809BE7E2122} = {7BEEE20B-6268-4FBA-A7B2-1FFF07E5087F}
		{3C5C0B4F-69A1-4798-B957-B473EE912566} = {7BEEE20B-6268-4FBA-A7B2-1FFF07E5087F}
		{78E643BE-41CE-4132-AFDD-3AE8FD33AE88} = {36D591C7-65C7-A0D1-1CBC-10CDE441BDC8}
		{FCB7D652-3B1C-43CD-9BBC-44C88B3B232B} = {DB86EBF8-E363-4D18-99B9-DA42CCFFAA07}
		{E96B80BF-4AD2-41E3-B768-0C075FC9AE41} = {78E643BE-41CE-4132-AFDD-3AE8FD33AE88}
		{F6EF8619-C793-4503-B8E3-9D492D4F7724} = {FCB7D652-3B1C-43CD-9BBC-44C88B3B232B}
		{643F8628-C07E-4ECA-9A1C-010B89CE4115} = {78E643BE-41CE-4132-AFDD-3AE8FD33AE88}
		{E935E30D-4050-458B-9113-A300D3A6EA3A} = {E96B80BF-4AD2-41E3-B768-0C075FC9AE41}
		{BD675D20-CA75-2831-6028-A966E5B77E72} = {62FFB8F9-175A-4774-A046-951F7CD8032F}
		{93B4C0CC-7326-45C8-B72B-A25C55039B99} = {E96B80BF-4AD2-41E3-B768-0C075FC9AE41}
		{F5897AFE-5A5F-4BCD-9DC9-231C31515DEA} = {E96B80BF-4AD2-41E3-B768-0C075FC9AE41}
		{7A5DF5FF-EE71-433D-A4D6-68DF62793292} = {E96B80BF-4AD2-41E3-B768-0C075FC9AE41}
		{E60AAED8-E6AD-4CC8-A836-E61F366AC8BC} = {F6EF8619-C793-4503-B8E3-9D492D4F7724}
		{895A9A07-8835-472C-88D1-7DF18E7AEA5A} = {F6EF8619-C793-4503-B8E3-9D492D4F7724}
		{FDB9DEA3-3A60-4937-8962-C33B0259C44D} = {36D591C7-65C7-A0D1-1CBC-10CDE441BDC8}
		{D6743101-DE6A-419F-9E3D-66D8647720C7} = {DB86EBF8-E363-4D18-99B9-DA42CCFFAA07}
		{7C20D613-40F0-4DC3-9B0B-ECB0B3951358} = {FDB9DEA3-3A60-4937-8962-C33B0259C44D}
		{2129C934-3C92-4277-B6EF-3861854D5796} = {D6743101-DE6A-419F-9E3D-66D8647720C7}
		{2CD160C7-A800-409E-B849-E73C18E85298} = {FDB9DEA3-3A60-4937-8962-C33B0259C44D}
		{946F4FFA-5D26-4B77-B1E0-B7CC664C5E47} = {7C20D613-40F0-4DC3-9B0B-ECB0B3951358}
		{60486469-A0BC-40C7-8039-69F0EB94FE4F} = {7C20D613-40F0-4DC3-9B0B-ECB0B3951358}
		{039EABF3-3ECA-45F8-8E5D-74880B59FE8B} = {7C20D613-40F0-4DC3-9B0B-ECB0B3951358}
		{478FCB5D-D047-442C-AF28-FB2FAE81931D} = {7C20D613-40F0-4DC3-9B0B-ECB0B3951358}
		{13B01CF1-F87C-40CD-BB39-F5938757CD23} = {2129C934-3C92-4277-B6EF-3861854D5796}
		{8BB9F0B5-0C98-452D-8E02-6DA2FCED535F} = {2129C934-3C92-4277-B6EF-3861854D5796}
		{DD215A56-B5B3-4438-A19B-0628B62E14DB} = {125E2E82-9FF0-4A32-8755-D3529AFD3958}
		{C7F23D71-19EF-49AF-81F5-21EB906DC48B} = {125E2E82-9FF0-4A32-8755-D3529AFD3958}
		{34F52F57-561C-4C80-BEFB-260B28CA8164} = {DD215A56-B5B3-4438-A19B-0628B62E14DB}
		{92A85060-A12B-4EDD-B87F-B865499E47E1} = {C7F23D71-19EF-49AF-81F5-21EB906DC48B}
		{F29E5652-9958-4604-A837-B28A6A8C647C} = {92A85060-A12B-4EDD-B87F-B865499E47E1}
		{E2C9C8FB-171B-4C65-97DD-6AFB155A5C19} = {34F52F57-561C-4C80-BEFB-260B28CA8164}
		{A249BBF0-04D7-4544-B572-B31B73103E93} = {34F52F57-561C-4C80-BEFB-260B28CA8164}
		{F63D1A5C-2B83-41D0-AD78-75470FA2B01F} = {E2C9C8FB-171B-4C65-97DD-6AFB155A5C19}
		{11646221-19E5-4F9B-AA34-165FC77C7047} = {E2C9C8FB-171B-4C65-97DD-6AFB155A5C19}
		{10892069-DDCC-482A-B43A-012DC70E7970} = {E2C9C8FB-171B-4C65-97DD-6AFB155A5C19}
		{C19346AB-20C4-4404-ADAA-468D36C71F80} = {DD215A56-B5B3-4438-A19B-0628B62E14DB}
		{F37883C1-9209-4057-B66E-3A596433C06A} = {DD215A56-B5B3-4438-A19B-0628B62E14DB}
		{67629B1A-A89F-4F19-967A-19FED544E1C4} = {DD215A56-B5B3-4438-A19B-0628B62E14DB}
		{D6FDBEE1-BD00-44CE-B527-5497883E75B9} = {C7F23D71-19EF-49AF-81F5-21EB906DC48B}
		{ADC5D411-4717-43DF-A16F-8A2ED3540DE3} = {C7F23D71-19EF-49AF-81F5-21EB906DC48B}
		{017BE917-C3A2-477E-9E0E-C0333EE5A817} = {C7F23D71-19EF-49AF-81F5-21EB906DC48B}
		{C55740C3-678A-4E24-8F74-B6C1B82557F2} = {D6FDBEE1-BD00-44CE-B527-5497883E75B9}
		{8691C1D4-5D5D-40A9-88CE-CD52DB338FDE} = {ADC5D411-4717-43DF-A16F-8A2ED3540DE3}
		{B5E5DFD5-AE27-4A5C-A470-7032175C02B3} = {017BE917-C3A2-477E-9E0E-C0333EE5A817}
		{BE6FDCDF-AD17-4A9B-B451-BBC46F96F4B8} = {C19346AB-20C4-4404-ADAA-468D36C71F80}
		{86728379-B848-4123-BD21-9DA47634B44C} = {F37883C1-9209-4057-B66E-3A596433C06A}
		{45883778-F498-4210-B9AF-F500F4B8E427} = {67629B1A-A89F-4F19-967A-19FED544E1C4}
	EndGlobalSection
	GlobalSection(ExtensibilityGlobals) = postSolution
		SolutionGuid = {FF584F4A-4745-4876-A5B1-C7A9935F5E75}
	EndGlobalSection
EndGlobal
